
Microsoft Visual Studio Solution File, Format Version 12.00
# Visual Studio Version 17
VisualStudioVersion = 17.0.32002.185
MinimumVisualStudioVersion = 10.0.40219.1
Project("{9A19103F-16F7-4668-BE54-9A1E7A4F7556}") = "ChatRoom.Client", "ChatRoom.Client\ChatRoom.Client.csproj", "{5E091379-A281-46E8-B748-76954C02D691}"
EndProject
Project("{9A19103F-16F7-4668-BE54-9A1E7A4F7556}") = "ChatRoom.Common", "ChatRoom.Common\ChatRoom.Common.csproj", "{DF1BF8E5-3F53-4A3F-BFB6-E57545145721}"
EndProject
Project("{9A19103F-16F7-4668-BE54-9A1E7A4F7556}") = "ChatRoom.Service", "ChatRoom.Service\ChatRoom.Service.csproj", "{9235475C-82D5-4241-B735-64C27EEB5677}"
EndProject
Project("{2150E333-8FDC-42A3-9474-1A3956D46DE8}") = "Solution Items", "Solution Items", "{499C1951-DF17-41BE-957E-D91AB8CCFC91}"
	ProjectSection(SolutionItems) = preProject
		README.md = README.md
		screenshot.png = screenshot.png
	EndProjectSection
EndProject
Global
	GlobalSection(SolutionConfigurationPlatforms) = preSolution
		Debug|Any CPU = Debug|Any CPU
		Debug|x64 = Debug|x64
		Debug|x86 = Debug|x86
		Release|Any CPU = Release|Any CPU
		Release|x64 = Release|x64
		Release|x86 = Release|x86
	EndGlobalSection
	GlobalSection(ProjectConfigurationPlatforms) = postSolution
		{5E091379-A281-46E8-B748-76954C02D691}.Debug|Any CPU.ActiveCfg = Debug|Any CPU
		{5E091379-A281-46E8-B748-76954C02D691}.Debug|Any CPU.Build.0 = Debug|Any CPU
		{5E091379-A281-46E8-B748-76954C02D691}.Debug|x64.ActiveCfg = Debug|Any CPU
		{5E091379-A281-46E8-B748-76954C02D691}.Debug|x64.Build.0 = Debug|Any CPU
		{5E091379-A281-46E8-B748-76954C02D691}.Debug|x86.ActiveCfg = Debug|Any CPU
		{5E091379-A281-46E8-B748-76954C02D691}.Debug|x86.Build.0 = Debug|Any CPU
		{5E091379-A281-46E8-B748-76954C02D691}.Release|Any CPU.ActiveCfg = Release|Any CPU
		{5E091379-A281-46E8-B748-76954C02D691}.Release|Any CPU.Build.0 = Release|Any CPU
		{5E091379-A281-46E8-B748-76954C02D691}.Release|x64.ActiveCfg = Release|Any CPU
		{5E091379-A281-46E8-B748-76954C02D691}.Release|x64.Build.0 = Release|Any CPU
		{5E091379-A281-46E8-B748-76954C02D691}.Release|x86.ActiveCfg = Release|Any CPU
		{5E091379-A281-46E8-B748-76954C02D691}.Release|x86.Build.0 = Release|Any CPU
		{DF1BF8E5-3F53-4A3F-BFB6-E57545145721}.Debug|Any CPU.ActiveCfg = Debug|Any CPU
		{DF1BF8E5-3F53-4A3F-BFB6-E57545145721}.Debug|Any CPU.Build.0 = Debug|Any CPU
		{DF1BF8E5-3F53-4A3F-BFB6-E57545145721}.Debug|x64.ActiveCfg = Debug|Any CPU
		{DF1BF8E5-3F53-4A3F-BFB6-E57545145721}.Debug|x64.Build.0 = Debug|Any CPU
		{DF1BF8E5-3F53-4A3F-BFB6-E57545145721}.Debug|x86.ActiveCfg = Debug|Any CPU
		{DF1BF8E5-3F53-4A3F-BFB6-E57545145721}.Debug|x86.Build.0 = Debug|Any CPU
		{DF1BF8E5-3F53-4A3F-BFB6-E57545145721}.Release|Any CPU.ActiveCfg = Release|Any CPU
		{DF1BF8E5-3F53-4A3F-BFB6-E57545145721}.Release|Any CPU.Build.0 = Release|Any CPU
		{DF1BF8E5-3F53-4A3F-BFB6-E57545145721}.Release|x64.ActiveCfg = Release|Any CPU
		{DF1BF8E5-3F53-4A3F-BFB6-E57545145721}.Release|x64.Build.0 = Release|Any CPU
		{DF1BF8E5-3F53-4A3F-BFB6-E57545145721}.Release|x86.ActiveCfg = Release|Any CPU
		{DF1BF8E5-3F53-4A3F-BFB6-E57545145721}.Release|x86.Build.0 = Release|Any CPU
		{9235475C-82D5-4241-B735-64C27EEB5677}.Debug|Any CPU.ActiveCfg = Debug|Any CPU
		{9235475C-82D5-4241-B735-64C27EEB5677}.Debug|Any CPU.Build.0 = Debug|Any CPU
		{9235475C-82D5-4241-B735-64C27EEB5677}.Debug|x64.ActiveCfg = Debug|Any CPU
		{9235475C-82D5-4241-B735-64C27EEB5677}.Debug|x64.Build.0 = Debug|Any CPU
		{9235475C-82D5-4241-B735-64C27EEB5677}.Debug|x86.ActiveCfg = Debug|Any CPU
		{9235475C-82D5-4241-B735-64C27EEB5677}.Debug|x86.Build.0 = Debug|Any CPU
		{9235475C-82D5-4241-B735-64C27EEB5677}.Release|Any CPU.ActiveCfg = Release|Any CPU
		{9235475C-82D5-4241-B735-64C27EEB5677}.Release|Any CPU.Build.0 = Release|Any CPU
		{9235475C-82D5-4241-B735-64C27EEB5677}.Release|x64.ActiveCfg = Release|Any CPU
		{9235475C-82D5-4241-B735-64C27EEB5677}.Release|x64.Build.0 = Release|Any CPU
		{9235475C-82D5-4241-B735-64C27EEB5677}.Release|x86.ActiveCfg = Release|Any CPU
		{9235475C-82D5-4241-B735-64C27EEB5677}.Release|x86.Build.0 = Release|Any CPU
	EndGlobalSection
	GlobalSection(SolutionProperties) = preSolution
		HideSolutionNode = FALSE
	EndGlobalSection
	GlobalSection(ExtensibilityGlobals) = postSolution
		SolutionGuid = {E2F0A4B1-A064-41DD-B0C3-A4FF892EF46A}
	EndGlobalSection
EndGlobal
