
Microsoft Visual Studio Solution File, Format Version 12.00
# Visual Studio 15
VisualStudioVersion = 15.0.27130.2010
MinimumVisualStudioVersion = 10.0.40219.1
Project("{6EC3EE1D-3C4E-46DD-8F32-0CC8E7565705}") = "FSharp.NetCore.Client", "src\FSharp.NetCore.Client\FSharp.NetCore.Client.fsproj", "{7925ADE0-4A59-4961-BA6D-D93093D2D7A3}"
EndProject
Project("{6EC3EE1D-3C4E-46DD-8F32-0CC8E7565705}") = "FSharp.NetCore.Grains", "src\FSharp.NetCore.Grains\FSharp.NetCore.Grains.fsproj", "{9A13F20C-F932-4E57-AE3B-D2A8004DA9A1}"
EndProject
Project("{6EC3EE1D-3C4E-46DD-8F32-0CC8E7565705}") = "FSharp.NetCore.Interfaces", "src\FSharp.NetCore.Interfaces\FSharp.NetCore.Interfaces.fsproj", "{41AC700A-1E3E-40EB-AED8-F54E032421C7}"
EndProject
Project("{6EC3EE1D-3C4E-46DD-8F32-0CC8E7565705}") = "FSharp.NetCore.SiloHost", "src\FSharp.NetCore.SiloHost\FSharp.NetCore.SiloHost.fsproj", "{C4BD4650-96B4-4F52-B44B-1FC9A612E735}"
EndProject
Global
	GlobalSection(SolutionConfigurationPlatforms) = preSolution
		Debug|Any CPU = Debug|Any CPU
		Release|Any CPU = Release|Any CPU
	EndGlobalSection
	GlobalSection(ProjectConfigurationPlatforms) = postSolution
		{7925ADE0-4A59-4961-BA6D-D93093D2D7A3}.Debug|Any CPU.ActiveCfg = Debug|Any CPU
		{7925ADE0-4A59-4961-BA6D-D93093D2D7A3}.Debug|Any CPU.Build.0 = Debug|Any CPU
		{7925ADE0-4A59-4961-BA6D-D93093D2D7A3}.Release|Any CPU.ActiveCfg = Release|Any CPU
		{7925ADE0-4A59-4961-BA6D-D93093D2D7A3}.Release|Any CPU.Build.0 = Release|Any CPU
		{9A13F20C-F932-4E57-AE3B-D2A8004DA9A1}.Debug|Any CPU.ActiveCfg = Debug|Any CPU
		{9A13F20C-F932-4E57-AE3B-D2A8004DA9A1}.Debug|Any CPU.Build.0 = Debug|Any CPU
		{9A13F20C-F932-4E57-AE3B-D2A8004DA9A1}.Release|Any CPU.ActiveCfg = Release|Any CPU
		{9A13F20C-F932-4E57-AE3B-D2A8004DA9A1}.Release|Any CPU.Build.0 = Release|Any CPU
		{41AC700A-1E3E-40EB-AED8-F54E032421C7}.Debug|Any CPU.ActiveCfg = Debug|Any CPU
		{41AC700A-1E3E-40EB-AED8-F54E032421C7}.Debug|Any CPU.Build.0 = Debug|Any CPU
		{41AC700A-1E3E-40EB-AED8-F54E032421C7}.Release|Any CPU.ActiveCfg = Release|Any CPU
		{41AC700A-1E3E-40EB-AED8-F54E032421C7}.Release|Any CPU.Build.0 = Release|Any CPU
		{C4BD4650-96B4-4F52-B44B-1FC9A612E735}.Debug|Any CPU.ActiveCfg = Debug|Any CPU
		{C4BD4650-96B4-4F52-B44B-1FC9A612E735}.Debug|Any CPU.Build.0 = Debug|Any CPU
		{C4BD4650-96B4-4F52-B44B-1FC9A612E735}.Release|Any CPU.ActiveCfg = Release|Any CPU
		{C4BD4650-96B4-4F52-B44B-1FC9A612E735}.Release|Any CPU.Build.0 = Release|Any CPU
	EndGlobalSection
	GlobalSection(SolutionProperties) = preSolution
		HideSolutionNode = FALSE
	EndGlobalSection
	GlobalSection(ExtensibilityGlobals) = postSolution
		SolutionGuid = {F18FBA3C-5594-402B-8D5B-62FAA1C4ACBD}
	EndGlobalSection
EndGlobal
