Microsoft Visual Studio Solution File, Format Version 12.00
# Visual Studio Version 17
VisualStudioVersion = 17.0.32002.185
MinimumVisualStudioVersion = 10.0.40219.1
Project("{9A19103F-16F7-4668-BE54-9A1E7A4F7556}") = "Chirper.Grains.Interfaces", "Chirper.Grains.Interfaces\Chirper.Grains.Interfaces.csproj", "{A6AFFAFA-0CF8-43FA-8B1E-24DC53A3F81C}"
EndProject
Project("{9A19103F-16F7-4668-BE54-9A1E7A4F7556}") = "Chirper.Grains", "Chirper.Grains\Chirper.Grains.csproj", "{25C197AE-59F7-42F2-BE5D-D69A0F804EF7}"
EndProject
Project("{9A19103F-16F7-4668-BE54-9A1E7A4F7556}") = "Chirper.Server", "Chirper.Server\Chirper.Server.csproj", "{2C967379-D025-4EBB-96C0-1A4C6CBE4B4B}"
EndProject
Project("{9A19103F-16F7-4668-BE54-9A1E7A4F7556}") = "Chirper.Client", "Chirper.Client\Chirper.Client.csproj", "{3BE53D35-938D-47D8-B135-501786B145DC}"
EndProject
Project("{2150E333-8FDC-42A3-9474-1A3956D46DE8}") = "Solution Items", "Solution Items", "{1223A865-0D72-4BF7-8FCD-016A48F3EC68}"
	ProjectSection(SolutionItems) = preProject
		README.md = README.md
		screenshot.png = screenshot.png
	EndProjectSection
EndProject
Global
	GlobalSection(SolutionConfigurationPlatforms) = preSolution
		Debug|Any CPU = Debug|Any CPU
		Release|Any CPU = Release|Any CPU
	EndGlobalSection
	GlobalSection(ProjectConfigurationPlatforms) = postSolution
		{A6AFFAFA-0CF8-43FA-8B1E-24DC53A3F81C}.Debug|Any CPU.ActiveCfg = Debug|Any CPU
		{A6AFFAFA-0CF8-43FA-8B1E-24DC53A3F81C}.Debug|Any CPU.Build.0 = Debug|Any CPU
		{A6AFFAFA-0CF8-43FA-8B1E-24DC53A3F81C}.Release|Any CPU.ActiveCfg = Release|Any CPU
		{A6AFFAFA-0CF8-43FA-8B1E-24DC53A3F81C}.Release|Any CPU.Build.0 = Release|Any CPU
		{25C197AE-59F7-42F2-BE5D-D69A0F804EF7}.Debug|Any CPU.ActiveCfg = Debug|Any CPU
		{25C197AE-59F7-42F2-BE5D-D69A0F804EF7}.Debug|Any CPU.Build.0 = Debug|Any CPU
		{25C197AE-59F7-42F2-BE5D-D69A0F804EF7}.Release|Any CPU.ActiveCfg = Release|Any CPU
		{25C197AE-59F7-42F2-BE5D-D69A0F804EF7}.Release|Any CPU.Build.0 = Release|Any CPU
		{2C967379-D025-4EBB-96C0-1A4C6CBE4B4B}.Debug|Any CPU.ActiveCfg = Debug|Any CPU
		{2C967379-D025-4EBB-96C0-1A4C6CBE4B4B}.Debug|Any CPU.Build.0 = Debug|Any CPU
		{2C967379-D025-4EBB-96C0-1A4C6CBE4B4B}.Release|Any CPU.ActiveCfg = Release|Any CPU
		{2C967379-D025-4EBB-96C0-1A4C6CBE4B4B}.Release|Any CPU.Build.0 = Release|Any CPU
		{3BE53D35-938D-47D8-B135-501786B145DC}.Debug|Any CPU.ActiveCfg = Debug|Any CPU
		{3BE53D35-938D-47D8-B135-501786B145DC}.Debug|Any CPU.Build.0 = Debug|Any CPU
		{3BE53D35-938D-47D8-B135-501786B145DC}.Release|Any CPU.ActiveCfg = Release|Any CPU
		{3BE53D35-938D-47D8-B135-501786B145DC}.Release|Any CPU.Build.0 = Release|Any CPU
	EndGlobalSection
	GlobalSection(SolutionProperties) = preSolution
		HideSolutionNode = FALSE
	EndGlobalSection
	GlobalSection(ExtensibilityGlobals) = postSolution
		SolutionGuid = {C89E84AE-23F3-4B37-97EB-BB71303D494F}
	EndGlobalSection
EndGlobal
