
Microsoft Visual Studio Solution File, Format Version 12.00
# Visual Studio 2013
VisualStudioVersion = 12.0.31101.0
MinimumVisualStudioVersion = 10.0.40219.1
Project("{FAE04EC0-301F-11D3-BF4B-00C04F79EFBC}") = "AdventureClient", "AdventureClient\AdventureClient.csproj", "{E0BE4D41-CA6F-412E-890A-62A0EBF07228}"
EndProject
Project("{FAE04EC0-301F-11D3-BF4B-00C04F79EFBC}") = "AdventureGrains", "AdventureGrains\AdventureGrains.csproj", "{793AA5BF-CC10-4E2A-8361-9C592BA551EA}"
EndProject
Project("{FAE04EC0-301F-11D3-BF4B-00C04F79EFBC}") = "AdventureGrainInterfaces", "AdventureGrainInterfaces\AdventureGrainInterfaces.csproj", "{D0506AE9-D2C7-48AC-8ABC-4A5A74EE56C2}"
EndProject
Project("{FAE04EC0-301F-11D3-BF4B-00C04F79EFBC}") = "AdventureSetup", "AdventureSetup\AdventureSetup.csproj", "{9BAF0036-B2DA-4403-8648-8E6F49D1152F}"
EndProject
Project("{2150E333-8FDC-42A3-9474-1A3956D46DE8}") = "doc", "doc", "{0646B491-8C85-4B00-97E2-6EE4A257A272}"
EndProject
Project("{2150E333-8FDC-42A3-9474-1A3956D46DE8}") = "Solution Items", "Solution Items", "{96B22612-F11E-4388-AD56-36DE2F3D51A5}"
	ProjectSection(SolutionItems) = preProject
		1.Demo Start Silo.cmd = 1.Demo Start Silo.cmd
		2.Demo Client.cmd = 2.Demo Client.cmd
	EndProjectSection
EndProject
Global
	GlobalSection(SolutionConfigurationPlatforms) = preSolution
		Debug|Any CPU = Debug|Any CPU
		Release|Any CPU = Release|Any CPU
	EndGlobalSection
	GlobalSection(ProjectConfigurationPlatforms) = postSolution
		{E0BE4D41-CA6F-412E-890A-62A0EBF07228}.Debug|Any CPU.ActiveCfg = Debug|Any CPU
		{E0BE4D41-CA6F-412E-890A-62A0EBF07228}.Debug|Any CPU.Build.0 = Debug|Any CPU
		{E0BE4D41-CA6F-412E-890A-62A0EBF07228}.Release|Any CPU.ActiveCfg = Release|Any CPU
		{E0BE4D41-CA6F-412E-890A-62A0EBF07228}.Release|Any CPU.Build.0 = Release|Any CPU
		{793AA5BF-CC10-4E2A-8361-9C592BA551EA}.Debug|Any CPU.ActiveCfg = Debug|Any CPU
		{793AA5BF-CC10-4E2A-8361-9C592BA551EA}.Debug|Any CPU.Build.0 = Debug|Any CPU
		{793AA5BF-CC10-4E2A-8361-9C592BA551EA}.Release|Any CPU.ActiveCfg = Release|Any CPU
		{793AA5BF-CC10-4E2A-8361-9C592BA551EA}.Release|Any CPU.Build.0 = Release|Any CPU
		{D0506AE9-D2C7-48AC-8ABC-4A5A74EE56C2}.Debug|Any CPU.ActiveCfg = Debug|Any CPU
		{D0506AE9-D2C7-48AC-8ABC-4A5A74EE56C2}.Debug|Any CPU.Build.0 = Debug|Any CPU
		{D0506AE9-D2C7-48AC-8ABC-4A5A74EE56C2}.Release|Any CPU.ActiveCfg = Release|Any CPU
		{D0506AE9-D2C7-48AC-8ABC-4A5A74EE56C2}.Release|Any CPU.Build.0 = Release|Any CPU
		{9BAF0036-B2DA-4403-8648-8E6F49D1152F}.Debug|Any CPU.ActiveCfg = Debug|Any CPU
		{9BAF0036-B2DA-4403-8648-8E6F49D1152F}.Debug|Any CPU.Build.0 = Debug|Any CPU
		{9BAF0036-B2DA-4403-8648-8E6F49D1152F}.Release|Any CPU.ActiveCfg = Release|Any CPU
		{9BAF0036-B2DA-4403-8648-8E6F49D1152F}.Release|Any CPU.Build.0 = Release|Any CPU
	EndGlobalSection
	GlobalSection(SolutionProperties) = preSolution
		HideSolutionNode = FALSE
	EndGlobalSection
EndGlobal
