
Microsoft Visual Studio Solution File, Format Version 12.00
# Visual Studio 15
VisualStudioVersion = 15.0.26009.0
MinimumVisualStudioVersion = 10.0.40219.1
Project("{9A19103F-16F7-4668-BE54-9A1E7A4F7556}") = "Orleans", "Orleans\Orleans.csproj", "{AC1BD60C-E7D8-4452-A21C-290AEC8E2E7A}"
EndProject
Project("{9A19103F-16F7-4668-BE54-9A1E7A4F7556}") = "OrleansCodeGenerator", "OrleansCodeGenerator\OrleansCodeGenerator.csproj", "{8D937706-F6DA-4D33-B0A9-24A260BD3080}"
EndProject
Project("{9A19103F-16F7-4668-BE54-9A1E7A4F7556}") = "ClientGenerator", "ClientGenerator\ClientGenerator.csproj", "{E782DD19-51F7-4F66-8217-BACAC33767E4}"
EndProject
Project("{2150E333-8FDC-42A3-9474-1A3956D46DE8}") = "src", "src", "{22C57246-E750-4254-80D2-9BEF9C241189}"
EndProject
Project("{9A19103F-16F7-4668-BE54-9A1E7A4F7556}") = "OrleansRuntime", "OrleansRuntime\OrleansRuntime.csproj", "{6FF2004C-CDF8-479C-BF27-C6BFE8EF93E0}"
EndProject
Project("{9A19103F-16F7-4668-BE54-9A1E7A4F7556}") = "OrleansTestingHost", "OrleansTestingHost\OrleansTestingHost.csproj", "{40EE3B00-D381-485F-9C69-FF706837DEED}"
EndProject
Project("{2150E333-8FDC-42A3-9474-1A3956D46DE8}") = "test", "test", "{224EAB7B-DBF8-4652-AC71-6C6ABBAB22AD}"
EndProject
Project("{9A19103F-16F7-4668-BE54-9A1E7A4F7556}") = "Orleans.NonSiloTests", "..\test\NonSiloTests\Orleans.NonSiloTests.csproj", "{A03DFE72-F1CA-4E79-8A84-EDF5D277EB1A}"
EndProject
Project("{9A19103F-16F7-4668-BE54-9A1E7A4F7556}") = "TestExtensions", "..\test\TestExtensions\TestExtensions.csproj", "{AFD242B4-EDA9-42CD-BA39-E410B98ADD2A}"
EndProject
Project("{2150E333-8FDC-42A3-9474-1A3956D46DE8}") = ".nuget", ".nuget", "{5478B454-0E48-4631-B338-D45DD21124BF}"
	ProjectSection(SolutionItems) = preProject
		.nuget\NuGet.Config = .nuget\NuGet.Config
		.nuget\Tools.csproj = .nuget\Tools.csproj
	EndProjectSection
EndProject
Project("{9A19103F-16F7-4668-BE54-9A1E7A4F7556}") = "TestInternalGrains", "..\test\TestInternalGrains\TestInternalGrains.csproj", "{A682ABC1-1A51-4794-8012-DA8E59EBC72A}"
EndProject
Project("{9A19103F-16F7-4668-BE54-9A1E7A4F7556}") = "TestGrainInterfaces", "..\test\TestGrainInterfaces\TestGrainInterfaces.csproj", "{A972213F-189B-41D4-90FE-38D513C1106A}"
EndProject
Project("{9A19103F-16F7-4668-BE54-9A1E7A4F7556}") = "Tester", "..\test\Tester\Tester.csproj", "{A9C8FFEC-4947-4F04-BA73-1F17B329A55A}"
EndProject
Project("{9A19103F-16F7-4668-BE54-9A1E7A4F7556}") = "TestGrains", "..\test\TestGrains\TestGrains.csproj", "{AACE28AE-F301-472A-B633-02B55434871A}"
EndProject
Project("{9A19103F-16F7-4668-BE54-9A1E7A4F7556}") = "TestInternalGrainInterfaces", "..\test\TestInternalGrainInterface\TestInternalGrainInterfaces.csproj", "{AAE67055-F38A-45F0-AEA7-5754F4814EAA}"
EndProject
Project("{9A19103F-16F7-4668-BE54-9A1E7A4F7556}") = "OrleansProviders", "OrleansProviders\OrleansProviders.csproj", "{A054DB14-2A92-4CC0-959E-A2C51F5E65DA}"
EndProject
Project("{2150E333-8FDC-42A3-9474-1A3956D46DE8}") = "NuGet", "NuGet", "{146C4184-D9FE-4DD7-85A0-CA52D53A5421}"
	ProjectSection(SolutionItems) = preProject
		NuGet\ClientInstall.ps1 = NuGet\ClientInstall.ps1
		NuGet\CreateOrleansPackages.bat = NuGet\CreateOrleansPackages.bat
		NuGet\EmptyFile.cs = NuGet\EmptyFile.cs
		NuGet\Microsoft.Orleans.Client.nuspec = NuGet\Microsoft.Orleans.Client.nuspec
		NuGet\Microsoft.Orleans.Core.nuspec = NuGet\Microsoft.Orleans.Core.nuspec
		NuGet\Microsoft.Orleans.EventSourcing.nuspec = NuGet\Microsoft.Orleans.EventSourcing.nuspec
		NuGet\Microsoft.Orleans.OrleansAzureUtils.nuspec = NuGet\Microsoft.Orleans.OrleansAzureUtils.nuspec
		NuGet\Microsoft.Orleans.OrleansCodeGenerator.Build.nuspec = NuGet\Microsoft.Orleans.OrleansCodeGenerator.Build.nuspec
		NuGet\Microsoft.Orleans.OrleansCodeGenerator.nuspec = NuGet\Microsoft.Orleans.OrleansCodeGenerator.nuspec
		NuGet\Microsoft.Orleans.OrleansProviders.nuspec = NuGet\Microsoft.Orleans.OrleansProviders.nuspec
		NuGet\Microsoft.Orleans.OrleansRuntime.nuspec = NuGet\Microsoft.Orleans.OrleansRuntime.nuspec
		NuGet\Microsoft.Orleans.OrleansSqlUtils.nuspec = NuGet\Microsoft.Orleans.OrleansSqlUtils.nuspec
		NuGet\Microsoft.Orleans.OrleansZooKeeperUtils.nuspec = NuGet\Microsoft.Orleans.OrleansZooKeeperUtils.nuspec
		NuGet\Microsoft.Orleans.PlatformServices.nuspec = NuGet\Microsoft.Orleans.PlatformServices.nuspec
		NuGet\Microsoft.Orleans.Server.nuspec = NuGet\Microsoft.Orleans.Server.nuspec
		NuGet\Microsoft.Orleans.TestingHost.nuspec = NuGet\Microsoft.Orleans.TestingHost.nuspec
		NuGet\ServerInstall.ps1 = NuGet\ServerInstall.ps1
	EndProjectSection
EndProject
Project("{9A19103F-16F7-4668-BE54-9A1E7A4F7556}") = "TestInterfaces", "..\test\TestInterfaces\TestInterfaces.csproj", "{C45A5F3F-81CC-46BD-A113-454BCFC3368D}"
EndProject
Project("{9A19103F-16F7-4668-BE54-9A1E7A4F7556}") = "OrleansAzureUtils", "OrleansAzureUtils\OrleansAzureUtils.csproj", "{A92818EF-B3F8-4CE2-9886-4808713B15CA}"
EndProject
Project("{9A19103F-16F7-4668-BE54-9A1E7A4F7556}") = "Orleans.PlatformServices", "Orleans.PlatformServices\Orleans.PlatformServices.csproj", "{5327F1B7-5ABD-4BEB-882B-84DF2B0C435F}"
EndProject
Project("{9A19103F-16F7-4668-BE54-9A1E7A4F7556}") = "Tester.AzureUtils", "..\test\TesterAzureUtils\Tester.AzureUtils.csproj", "{AA3DFE72-F1CA-4E79-8A84-EDF5D277AB1A}"
EndProject
Project("{2150E333-8FDC-42A3-9474-1A3956D46DE8}") = "Extensions", "Extensions", "{7B982A96-66A1-4E08-AA68-8A56905A53CA}"
EndProject
Project("{9A19103F-16F7-4668-BE54-9A1E7A4F7556}") = "TesterInternal", "..\test\TesterInternal\TesterInternal.csproj", "{A9610024-F5B9-4065-9557-BD9E36A3242A}"
EndProject
Project("{9A19103F-16F7-4668-BE54-9A1E7A4F7556}") = "DefaultCluster.Tests", "..\test\DefaultCluster.Tests\DefaultCluster.Tests.csproj", "{07CA645D-F97C-47E4-81E9-2E23F1C43568}"
EndProject
Project("{9A19103F-16F7-4668-BE54-9A1E7A4F7556}") = "OrleansSQLUtils", "OrleansSQLUtils\OrleansSQLUtils.csproj", "{D3592787-F666-4AE5-AB69-F895B4CF4876}"
EndProject
Project("{9A19103F-16F7-4668-BE54-9A1E7A4F7556}") = "Tester.SQLUtils", "..\test\TesterSQLUtils\Tester.SQLUtils.csproj", "{A6637DAD-D4EA-4FEA-BD29-42686BE65048}"
EndProject
Project("{9A19103F-16F7-4668-BE54-9A1E7A4F7556}") = "TestInternalDtosRefOrleans", "..\test\TestInternalDtosRefOrleans\TestInternalDtosRefOrleans.csproj", "{AB11D629-BF9E-4AF5-9BD6-F056FB08EA8A}"
EndProject
Project("{9A19103F-16F7-4668-BE54-9A1E7A4F7556}") = "OrleansZooKeeperUtils", "OrleansZooKeeperUtils\OrleansZooKeeperUtils.csproj", "{58E62584-5B28-4DBD-A1A0-4E7B95E5A3E8}"
EndProject
Project("{9A19103F-16F7-4668-BE54-9A1E7A4F7556}") = "Tester.ZooKeeperUtils", "..\test\TesterZooKeeperUtils\Tester.ZooKeeperUtils.csproj", "{DF733504-A366-4860-813E-D20AABE243B2}"
EndProject
Project("{9A19103F-16F7-4668-BE54-9A1E7A4F7556}") = "OrleansEventSourcing", "OrleansEventSourcing\OrleansEventSourcing.csproj", "{D9718C48-7020-4A0F-ACA0-17B28DCD6339}"
EndProject
Global
	GlobalSection(SolutionConfigurationPlatforms) = preSolution
		Debug|Any CPU = Debug|Any CPU
		Debug|x64 = Debug|x64
		Debug|x86 = Debug|x86
		Release|Any CPU = Release|Any CPU
		Release|x64 = Release|x64
		Release|x86 = Release|x86
	EndGlobalSection
	GlobalSection(ProjectConfigurationPlatforms) = postSolution
		{AC1BD60C-E7D8-4452-A21C-290AEC8E2E7A}.Debug|Any CPU.ActiveCfg = Debug|Any CPU
		{AC1BD60C-E7D8-4452-A21C-290AEC8E2E7A}.Debug|Any CPU.Build.0 = Debug|Any CPU
		{AC1BD60C-E7D8-4452-A21C-290AEC8E2E7A}.Debug|x64.ActiveCfg = Debug|Any CPU
		{AC1BD60C-E7D8-4452-A21C-290AEC8E2E7A}.Debug|x64.Build.0 = Debug|Any CPU
		{AC1BD60C-E7D8-4452-A21C-290AEC8E2E7A}.Debug|x86.ActiveCfg = Debug|Any CPU
		{AC1BD60C-E7D8-4452-A21C-290AEC8E2E7A}.Debug|x86.Build.0 = Debug|Any CPU
		{AC1BD60C-E7D8-4452-A21C-290AEC8E2E7A}.Release|Any CPU.ActiveCfg = Release|Any CPU
		{AC1BD60C-E7D8-4452-A21C-290AEC8E2E7A}.Release|Any CPU.Build.0 = Release|Any CPU
		{AC1BD60C-E7D8-4452-A21C-290AEC8E2E7A}.Release|x64.ActiveCfg = Release|Any CPU
		{AC1BD60C-E7D8-4452-A21C-290AEC8E2E7A}.Release|x64.Build.0 = Release|Any CPU
		{AC1BD60C-E7D8-4452-A21C-290AEC8E2E7A}.Release|x86.ActiveCfg = Release|Any CPU
		{AC1BD60C-E7D8-4452-A21C-290AEC8E2E7A}.Release|x86.Build.0 = Release|Any CPU
		{8D937706-F6DA-4D33-B0A9-24A260BD3080}.Debug|Any CPU.ActiveCfg = Debug|Any CPU
		{8D937706-F6DA-4D33-B0A9-24A260BD3080}.Debug|Any CPU.Build.0 = Debug|Any CPU
		{8D937706-F6DA-4D33-B0A9-24A260BD3080}.Debug|x64.ActiveCfg = Debug|Any CPU
		{8D937706-F6DA-4D33-B0A9-24A260BD3080}.Debug|x64.Build.0 = Debug|Any CPU
		{8D937706-F6DA-4D33-B0A9-24A260BD3080}.Debug|x86.ActiveCfg = Debug|Any CPU
		{8D937706-F6DA-4D33-B0A9-24A260BD3080}.Debug|x86.Build.0 = Debug|Any CPU
		{8D937706-F6DA-4D33-B0A9-24A260BD3080}.Release|Any CPU.ActiveCfg = Release|Any CPU
		{8D937706-F6DA-4D33-B0A9-24A260BD3080}.Release|Any CPU.Build.0 = Release|Any CPU
		{8D937706-F6DA-4D33-B0A9-24A260BD3080}.Release|x64.ActiveCfg = Release|Any CPU
		{8D937706-F6DA-4D33-B0A9-24A260BD3080}.Release|x64.Build.0 = Release|Any CPU
		{8D937706-F6DA-4D33-B0A9-24A260BD3080}.Release|x86.ActiveCfg = Release|Any CPU
		{8D937706-F6DA-4D33-B0A9-24A260BD3080}.Release|x86.Build.0 = Release|Any CPU
		{E782DD19-51F7-4F66-8217-BACAC33767E4}.Debug|Any CPU.ActiveCfg = Debug|Any CPU
		{E782DD19-51F7-4F66-8217-BACAC33767E4}.Debug|Any CPU.Build.0 = Debug|Any CPU
		{E782DD19-51F7-4F66-8217-BACAC33767E4}.Debug|x64.ActiveCfg = Debug|Any CPU
		{E782DD19-51F7-4F66-8217-BACAC33767E4}.Debug|x64.Build.0 = Debug|Any CPU
		{E782DD19-51F7-4F66-8217-BACAC33767E4}.Debug|x86.ActiveCfg = Debug|Any CPU
		{E782DD19-51F7-4F66-8217-BACAC33767E4}.Debug|x86.Build.0 = Debug|Any CPU
		{E782DD19-51F7-4F66-8217-BACAC33767E4}.Release|Any CPU.ActiveCfg = Release|Any CPU
		{E782DD19-51F7-4F66-8217-BACAC33767E4}.Release|Any CPU.Build.0 = Release|Any CPU
		{E782DD19-51F7-4F66-8217-BACAC33767E4}.Release|x64.ActiveCfg = Release|Any CPU
		{E782DD19-51F7-4F66-8217-BACAC33767E4}.Release|x64.Build.0 = Release|Any CPU
		{E782DD19-51F7-4F66-8217-BACAC33767E4}.Release|x86.ActiveCfg = Release|Any CPU
		{E782DD19-51F7-4F66-8217-BACAC33767E4}.Release|x86.Build.0 = Release|Any CPU
		{6FF2004C-CDF8-479C-BF27-C6BFE8EF93E0}.Debug|Any CPU.ActiveCfg = Debug|Any CPU
		{6FF2004C-CDF8-479C-BF27-C6BFE8EF93E0}.Debug|Any CPU.Build.0 = Debug|Any CPU
		{6FF2004C-CDF8-479C-BF27-C6BFE8EF93E0}.Debug|x64.ActiveCfg = Debug|Any CPU
		{6FF2004C-CDF8-479C-BF27-C6BFE8EF93E0}.Debug|x64.Build.0 = Debug|Any CPU
		{6FF2004C-CDF8-479C-BF27-C6BFE8EF93E0}.Debug|x86.ActiveCfg = Debug|Any CPU
		{6FF2004C-CDF8-479C-BF27-C6BFE8EF93E0}.Debug|x86.Build.0 = Debug|Any CPU
		{6FF2004C-CDF8-479C-BF27-C6BFE8EF93E0}.Release|Any CPU.ActiveCfg = Release|Any CPU
		{6FF2004C-CDF8-479C-BF27-C6BFE8EF93E0}.Release|Any CPU.Build.0 = Release|Any CPU
		{6FF2004C-CDF8-479C-BF27-C6BFE8EF93E0}.Release|x64.ActiveCfg = Release|Any CPU
		{6FF2004C-CDF8-479C-BF27-C6BFE8EF93E0}.Release|x64.Build.0 = Release|Any CPU
		{6FF2004C-CDF8-479C-BF27-C6BFE8EF93E0}.Release|x86.ActiveCfg = Release|Any CPU
		{6FF2004C-CDF8-479C-BF27-C6BFE8EF93E0}.Release|x86.Build.0 = Release|Any CPU
		{40EE3B00-D381-485F-9C69-FF706837DEED}.Debug|Any CPU.ActiveCfg = Debug|Any CPU
		{40EE3B00-D381-485F-9C69-FF706837DEED}.Debug|Any CPU.Build.0 = Debug|Any CPU
		{40EE3B00-D381-485F-9C69-FF706837DEED}.Debug|x64.ActiveCfg = Debug|Any CPU
		{40EE3B00-D381-485F-9C69-FF706837DEED}.Debug|x64.Build.0 = Debug|Any CPU
		{40EE3B00-D381-485F-9C69-FF706837DEED}.Debug|x86.ActiveCfg = Debug|Any CPU
		{40EE3B00-D381-485F-9C69-FF706837DEED}.Debug|x86.Build.0 = Debug|Any CPU
		{40EE3B00-D381-485F-9C69-FF706837DEED}.Release|Any CPU.ActiveCfg = Release|Any CPU
		{40EE3B00-D381-485F-9C69-FF706837DEED}.Release|Any CPU.Build.0 = Release|Any CPU
		{40EE3B00-D381-485F-9C69-FF706837DEED}.Release|x64.ActiveCfg = Release|Any CPU
		{40EE3B00-D381-485F-9C69-FF706837DEED}.Release|x64.Build.0 = Release|Any CPU
		{40EE3B00-D381-485F-9C69-FF706837DEED}.Release|x86.ActiveCfg = Release|Any CPU
		{40EE3B00-D381-485F-9C69-FF706837DEED}.Release|x86.Build.0 = Release|Any CPU
		{A03DFE72-F1CA-4E79-8A84-EDF5D277EB1A}.Debug|Any CPU.ActiveCfg = Debug|Any CPU
		{A03DFE72-F1CA-4E79-8A84-EDF5D277EB1A}.Debug|Any CPU.Build.0 = Debug|Any CPU
		{A03DFE72-F1CA-4E79-8A84-EDF5D277EB1A}.Debug|x64.ActiveCfg = Debug|Any CPU
		{A03DFE72-F1CA-4E79-8A84-EDF5D277EB1A}.Debug|x64.Build.0 = Debug|Any CPU
		{A03DFE72-F1CA-4E79-8A84-EDF5D277EB1A}.Debug|x86.ActiveCfg = Debug|Any CPU
		{A03DFE72-F1CA-4E79-8A84-EDF5D277EB1A}.Debug|x86.Build.0 = Debug|Any CPU
		{A03DFE72-F1CA-4E79-8A84-EDF5D277EB1A}.Release|Any CPU.ActiveCfg = Release|Any CPU
		{A03DFE72-F1CA-4E79-8A84-EDF5D277EB1A}.Release|Any CPU.Build.0 = Release|Any CPU
		{A03DFE72-F1CA-4E79-8A84-EDF5D277EB1A}.Release|x64.ActiveCfg = Release|Any CPU
		{A03DFE72-F1CA-4E79-8A84-EDF5D277EB1A}.Release|x64.Build.0 = Release|Any CPU
		{A03DFE72-F1CA-4E79-8A84-EDF5D277EB1A}.Release|x86.ActiveCfg = Release|Any CPU
		{A03DFE72-F1CA-4E79-8A84-EDF5D277EB1A}.Release|x86.Build.0 = Release|Any CPU
		{AFD242B4-EDA9-42CD-BA39-E410B98ADD2A}.Debug|Any CPU.ActiveCfg = Debug|Any CPU
		{AFD242B4-EDA9-42CD-BA39-E410B98ADD2A}.Debug|Any CPU.Build.0 = Debug|Any CPU
		{AFD242B4-EDA9-42CD-BA39-E410B98ADD2A}.Debug|x64.ActiveCfg = Debug|Any CPU
		{AFD242B4-EDA9-42CD-BA39-E410B98ADD2A}.Debug|x64.Build.0 = Debug|Any CPU
		{AFD242B4-EDA9-42CD-BA39-E410B98ADD2A}.Debug|x86.ActiveCfg = Debug|Any CPU
		{AFD242B4-EDA9-42CD-BA39-E410B98ADD2A}.Debug|x86.Build.0 = Debug|Any CPU
		{AFD242B4-EDA9-42CD-BA39-E410B98ADD2A}.Release|Any CPU.ActiveCfg = Release|Any CPU
		{AFD242B4-EDA9-42CD-BA39-E410B98ADD2A}.Release|Any CPU.Build.0 = Release|Any CPU
		{AFD242B4-EDA9-42CD-BA39-E410B98ADD2A}.Release|x64.ActiveCfg = Release|Any CPU
		{AFD242B4-EDA9-42CD-BA39-E410B98ADD2A}.Release|x64.Build.0 = Release|Any CPU
		{AFD242B4-EDA9-42CD-BA39-E410B98ADD2A}.Release|x86.ActiveCfg = Release|Any CPU
		{AFD242B4-EDA9-42CD-BA39-E410B98ADD2A}.Release|x86.Build.0 = Release|Any CPU
		{A682ABC1-1A51-4794-8012-DA8E59EBC72A}.Debug|Any CPU.ActiveCfg = Debug|Any CPU
		{A682ABC1-1A51-4794-8012-DA8E59EBC72A}.Debug|Any CPU.Build.0 = Debug|Any CPU
		{A682ABC1-1A51-4794-8012-DA8E59EBC72A}.Debug|x64.ActiveCfg = Debug|Any CPU
		{A682ABC1-1A51-4794-8012-DA8E59EBC72A}.Debug|x64.Build.0 = Debug|Any CPU
		{A682ABC1-1A51-4794-8012-DA8E59EBC72A}.Debug|x86.ActiveCfg = Debug|Any CPU
		{A682ABC1-1A51-4794-8012-DA8E59EBC72A}.Debug|x86.Build.0 = Debug|Any CPU
		{A682ABC1-1A51-4794-8012-DA8E59EBC72A}.Release|Any CPU.ActiveCfg = Release|Any CPU
		{A682ABC1-1A51-4794-8012-DA8E59EBC72A}.Release|Any CPU.Build.0 = Release|Any CPU
		{A682ABC1-1A51-4794-8012-DA8E59EBC72A}.Release|x64.ActiveCfg = Release|Any CPU
		{A682ABC1-1A51-4794-8012-DA8E59EBC72A}.Release|x64.Build.0 = Release|Any CPU
		{A682ABC1-1A51-4794-8012-DA8E59EBC72A}.Release|x86.ActiveCfg = Release|Any CPU
		{A682ABC1-1A51-4794-8012-DA8E59EBC72A}.Release|x86.Build.0 = Release|Any CPU
		{A972213F-189B-41D4-90FE-38D513C1106A}.Debug|Any CPU.ActiveCfg = Debug|Any CPU
		{A972213F-189B-41D4-90FE-38D513C1106A}.Debug|Any CPU.Build.0 = Debug|Any CPU
		{A972213F-189B-41D4-90FE-38D513C1106A}.Debug|x64.ActiveCfg = Debug|Any CPU
		{A972213F-189B-41D4-90FE-38D513C1106A}.Debug|x64.Build.0 = Debug|Any CPU
		{A972213F-189B-41D4-90FE-38D513C1106A}.Debug|x86.ActiveCfg = Debug|Any CPU
		{A972213F-189B-41D4-90FE-38D513C1106A}.Debug|x86.Build.0 = Debug|Any CPU
		{A972213F-189B-41D4-90FE-38D513C1106A}.Release|Any CPU.ActiveCfg = Release|Any CPU
		{A972213F-189B-41D4-90FE-38D513C1106A}.Release|Any CPU.Build.0 = Release|Any CPU
		{A972213F-189B-41D4-90FE-38D513C1106A}.Release|x64.ActiveCfg = Release|Any CPU
		{A972213F-189B-41D4-90FE-38D513C1106A}.Release|x64.Build.0 = Release|Any CPU
		{A972213F-189B-41D4-90FE-38D513C1106A}.Release|x86.ActiveCfg = Release|Any CPU
		{A972213F-189B-41D4-90FE-38D513C1106A}.Release|x86.Build.0 = Release|Any CPU
		{A9C8FFEC-4947-4F04-BA73-1F17B329A55A}.Debug|Any CPU.ActiveCfg = Debug|Any CPU
		{A9C8FFEC-4947-4F04-BA73-1F17B329A55A}.Debug|Any CPU.Build.0 = Debug|Any CPU
		{A9C8FFEC-4947-4F04-BA73-1F17B329A55A}.Debug|x64.ActiveCfg = Debug|Any CPU
		{A9C8FFEC-4947-4F04-BA73-1F17B329A55A}.Debug|x64.Build.0 = Debug|Any CPU
		{A9C8FFEC-4947-4F04-BA73-1F17B329A55A}.Debug|x86.ActiveCfg = Debug|Any CPU
		{A9C8FFEC-4947-4F04-BA73-1F17B329A55A}.Debug|x86.Build.0 = Debug|Any CPU
		{A9C8FFEC-4947-4F04-BA73-1F17B329A55A}.Release|Any CPU.ActiveCfg = Release|Any CPU
		{A9C8FFEC-4947-4F04-BA73-1F17B329A55A}.Release|Any CPU.Build.0 = Release|Any CPU
		{A9C8FFEC-4947-4F04-BA73-1F17B329A55A}.Release|x64.ActiveCfg = Release|Any CPU
		{A9C8FFEC-4947-4F04-BA73-1F17B329A55A}.Release|x64.Build.0 = Release|Any CPU
		{A9C8FFEC-4947-4F04-BA73-1F17B329A55A}.Release|x86.ActiveCfg = Release|Any CPU
		{A9C8FFEC-4947-4F04-BA73-1F17B329A55A}.Release|x86.Build.0 = Release|Any CPU
		{AACE28AE-F301-472A-B633-02B55434871A}.Debug|Any CPU.ActiveCfg = Debug|Any CPU
		{AACE28AE-F301-472A-B633-02B55434871A}.Debug|Any CPU.Build.0 = Debug|Any CPU
		{AACE28AE-F301-472A-B633-02B55434871A}.Debug|x64.ActiveCfg = Debug|Any CPU
		{AACE28AE-F301-472A-B633-02B55434871A}.Debug|x64.Build.0 = Debug|Any CPU
		{AACE28AE-F301-472A-B633-02B55434871A}.Debug|x86.ActiveCfg = Debug|Any CPU
		{AACE28AE-F301-472A-B633-02B55434871A}.Debug|x86.Build.0 = Debug|Any CPU
		{AACE28AE-F301-472A-B633-02B55434871A}.Release|Any CPU.ActiveCfg = Release|Any CPU
		{AACE28AE-F301-472A-B633-02B55434871A}.Release|Any CPU.Build.0 = Release|Any CPU
		{AACE28AE-F301-472A-B633-02B55434871A}.Release|x64.ActiveCfg = Release|Any CPU
		{AACE28AE-F301-472A-B633-02B55434871A}.Release|x64.Build.0 = Release|Any CPU
		{AACE28AE-F301-472A-B633-02B55434871A}.Release|x86.ActiveCfg = Release|Any CPU
		{AACE28AE-F301-472A-B633-02B55434871A}.Release|x86.Build.0 = Release|Any CPU
		{AAE67055-F38A-45F0-AEA7-5754F4814EAA}.Debug|Any CPU.ActiveCfg = Debug|Any CPU
		{AAE67055-F38A-45F0-AEA7-5754F4814EAA}.Debug|Any CPU.Build.0 = Debug|Any CPU
		{AAE67055-F38A-45F0-AEA7-5754F4814EAA}.Debug|x64.ActiveCfg = Debug|Any CPU
		{AAE67055-F38A-45F0-AEA7-5754F4814EAA}.Debug|x64.Build.0 = Debug|Any CPU
		{AAE67055-F38A-45F0-AEA7-5754F4814EAA}.Debug|x86.ActiveCfg = Debug|Any CPU
		{AAE67055-F38A-45F0-AEA7-5754F4814EAA}.Debug|x86.Build.0 = Debug|Any CPU
		{AAE67055-F38A-45F0-AEA7-5754F4814EAA}.Release|Any CPU.ActiveCfg = Release|Any CPU
		{AAE67055-F38A-45F0-AEA7-5754F4814EAA}.Release|Any CPU.Build.0 = Release|Any CPU
		{AAE67055-F38A-45F0-AEA7-5754F4814EAA}.Release|x64.ActiveCfg = Release|Any CPU
		{AAE67055-F38A-45F0-AEA7-5754F4814EAA}.Release|x64.Build.0 = Release|Any CPU
		{AAE67055-F38A-45F0-AEA7-5754F4814EAA}.Release|x86.ActiveCfg = Release|Any CPU
		{AAE67055-F38A-45F0-AEA7-5754F4814EAA}.Release|x86.Build.0 = Release|Any CPU
		{A054DB14-2A92-4CC0-959E-A2C51F5E65DA}.Debug|Any CPU.ActiveCfg = Debug|Any CPU
		{A054DB14-2A92-4CC0-959E-A2C51F5E65DA}.Debug|Any CPU.Build.0 = Debug|Any CPU
		{A054DB14-2A92-4CC0-959E-A2C51F5E65DA}.Debug|x64.ActiveCfg = Debug|Any CPU
		{A054DB14-2A92-4CC0-959E-A2C51F5E65DA}.Debug|x64.Build.0 = Debug|Any CPU
		{A054DB14-2A92-4CC0-959E-A2C51F5E65DA}.Debug|x86.ActiveCfg = Debug|Any CPU
		{A054DB14-2A92-4CC0-959E-A2C51F5E65DA}.Debug|x86.Build.0 = Debug|Any CPU
		{A054DB14-2A92-4CC0-959E-A2C51F5E65DA}.Release|Any CPU.ActiveCfg = Release|Any CPU
		{A054DB14-2A92-4CC0-959E-A2C51F5E65DA}.Release|Any CPU.Build.0 = Release|Any CPU
		{A054DB14-2A92-4CC0-959E-A2C51F5E65DA}.Release|x64.ActiveCfg = Release|Any CPU
		{A054DB14-2A92-4CC0-959E-A2C51F5E65DA}.Release|x64.Build.0 = Release|Any CPU
		{A054DB14-2A92-4CC0-959E-A2C51F5E65DA}.Release|x86.ActiveCfg = Release|Any CPU
		{A054DB14-2A92-4CC0-959E-A2C51F5E65DA}.Release|x86.Build.0 = Release|Any CPU
		{C45A5F3F-81CC-46BD-A113-454BCFC3368D}.Debug|Any CPU.ActiveCfg = Debug|Any CPU
		{C45A5F3F-81CC-46BD-A113-454BCFC3368D}.Debug|Any CPU.Build.0 = Debug|Any CPU
		{C45A5F3F-81CC-46BD-A113-454BCFC3368D}.Debug|x64.ActiveCfg = Debug|Any CPU
		{C45A5F3F-81CC-46BD-A113-454BCFC3368D}.Debug|x64.Build.0 = Debug|Any CPU
		{C45A5F3F-81CC-46BD-A113-454BCFC3368D}.Debug|x86.ActiveCfg = Debug|Any CPU
		{C45A5F3F-81CC-46BD-A113-454BCFC3368D}.Debug|x86.Build.0 = Debug|Any CPU
		{C45A5F3F-81CC-46BD-A113-454BCFC3368D}.Release|Any CPU.ActiveCfg = Release|Any CPU
		{C45A5F3F-81CC-46BD-A113-454BCFC3368D}.Release|Any CPU.Build.0 = Release|Any CPU
		{C45A5F3F-81CC-46BD-A113-454BCFC3368D}.Release|x64.ActiveCfg = Release|Any CPU
		{C45A5F3F-81CC-46BD-A113-454BCFC3368D}.Release|x64.Build.0 = Release|Any CPU
		{C45A5F3F-81CC-46BD-A113-454BCFC3368D}.Release|x86.ActiveCfg = Release|Any CPU
		{C45A5F3F-81CC-46BD-A113-454BCFC3368D}.Release|x86.Build.0 = Release|Any CPU
		{A92818EF-B3F8-4CE2-9886-4808713B15CA}.Debug|Any CPU.ActiveCfg = Debug|Any CPU
		{A92818EF-B3F8-4CE2-9886-4808713B15CA}.Debug|Any CPU.Build.0 = Debug|Any CPU
		{A92818EF-B3F8-4CE2-9886-4808713B15CA}.Debug|x64.ActiveCfg = Debug|Any CPU
		{A92818EF-B3F8-4CE2-9886-4808713B15CA}.Debug|x64.Build.0 = Debug|Any CPU
		{A92818EF-B3F8-4CE2-9886-4808713B15CA}.Debug|x86.ActiveCfg = Debug|Any CPU
		{A92818EF-B3F8-4CE2-9886-4808713B15CA}.Debug|x86.Build.0 = Debug|Any CPU
		{A92818EF-B3F8-4CE2-9886-4808713B15CA}.Release|Any CPU.ActiveCfg = Release|Any CPU
		{A92818EF-B3F8-4CE2-9886-4808713B15CA}.Release|Any CPU.Build.0 = Release|Any CPU
		{A92818EF-B3F8-4CE2-9886-4808713B15CA}.Release|x64.ActiveCfg = Release|Any CPU
		{A92818EF-B3F8-4CE2-9886-4808713B15CA}.Release|x64.Build.0 = Release|Any CPU
		{A92818EF-B3F8-4CE2-9886-4808713B15CA}.Release|x86.ActiveCfg = Release|Any CPU
		{A92818EF-B3F8-4CE2-9886-4808713B15CA}.Release|x86.Build.0 = Release|Any CPU
		{5327F1B7-5ABD-4BEB-882B-84DF2B0C435F}.Debug|Any CPU.ActiveCfg = Debug|Any CPU
		{5327F1B7-5ABD-4BEB-882B-84DF2B0C435F}.Debug|Any CPU.Build.0 = Debug|Any CPU
		{5327F1B7-5ABD-4BEB-882B-84DF2B0C435F}.Debug|x64.ActiveCfg = Debug|Any CPU
		{5327F1B7-5ABD-4BEB-882B-84DF2B0C435F}.Debug|x64.Build.0 = Debug|Any CPU
		{5327F1B7-5ABD-4BEB-882B-84DF2B0C435F}.Debug|x86.ActiveCfg = Debug|Any CPU
		{5327F1B7-5ABD-4BEB-882B-84DF2B0C435F}.Debug|x86.Build.0 = Debug|Any CPU
		{5327F1B7-5ABD-4BEB-882B-84DF2B0C435F}.Release|Any CPU.ActiveCfg = Release|Any CPU
		{5327F1B7-5ABD-4BEB-882B-84DF2B0C435F}.Release|Any CPU.Build.0 = Release|Any CPU
		{5327F1B7-5ABD-4BEB-882B-84DF2B0C435F}.Release|x64.ActiveCfg = Release|Any CPU
		{5327F1B7-5ABD-4BEB-882B-84DF2B0C435F}.Release|x64.Build.0 = Release|Any CPU
		{5327F1B7-5ABD-4BEB-882B-84DF2B0C435F}.Release|x86.ActiveCfg = Release|Any CPU
		{5327F1B7-5ABD-4BEB-882B-84DF2B0C435F}.Release|x86.Build.0 = Release|Any CPU
		{AA3DFE72-F1CA-4E79-8A84-EDF5D277AB1A}.Debug|Any CPU.ActiveCfg = Debug|Any CPU
		{AA3DFE72-F1CA-4E79-8A84-EDF5D277AB1A}.Debug|Any CPU.Build.0 = Debug|Any CPU
		{AA3DFE72-F1CA-4E79-8A84-EDF5D277AB1A}.Debug|x64.ActiveCfg = Debug|Any CPU
		{AA3DFE72-F1CA-4E79-8A84-EDF5D277AB1A}.Debug|x64.Build.0 = Debug|Any CPU
		{AA3DFE72-F1CA-4E79-8A84-EDF5D277AB1A}.Debug|x86.ActiveCfg = Debug|Any CPU
		{AA3DFE72-F1CA-4E79-8A84-EDF5D277AB1A}.Debug|x86.Build.0 = Debug|Any CPU
		{AA3DFE72-F1CA-4E79-8A84-EDF5D277AB1A}.Release|Any CPU.ActiveCfg = Release|Any CPU
		{AA3DFE72-F1CA-4E79-8A84-EDF5D277AB1A}.Release|Any CPU.Build.0 = Release|Any CPU
		{AA3DFE72-F1CA-4E79-8A84-EDF5D277AB1A}.Release|x64.ActiveCfg = Release|Any CPU
		{AA3DFE72-F1CA-4E79-8A84-EDF5D277AB1A}.Release|x64.Build.0 = Release|Any CPU
		{AA3DFE72-F1CA-4E79-8A84-EDF5D277AB1A}.Release|x86.ActiveCfg = Release|Any CPU
		{AA3DFE72-F1CA-4E79-8A84-EDF5D277AB1A}.Release|x86.Build.0 = Release|Any CPU
		{A9610024-F5B9-4065-9557-BD9E36A3242A}.Debug|Any CPU.ActiveCfg = Debug|Any CPU
		{A9610024-F5B9-4065-9557-BD9E36A3242A}.Debug|Any CPU.Build.0 = Debug|Any CPU
		{A9610024-F5B9-4065-9557-BD9E36A3242A}.Debug|x64.ActiveCfg = Debug|Any CPU
		{A9610024-F5B9-4065-9557-BD9E36A3242A}.Debug|x64.Build.0 = Debug|Any CPU
		{A9610024-F5B9-4065-9557-BD9E36A3242A}.Debug|x86.ActiveCfg = Debug|Any CPU
		{A9610024-F5B9-4065-9557-BD9E36A3242A}.Debug|x86.Build.0 = Debug|Any CPU
		{A9610024-F5B9-4065-9557-BD9E36A3242A}.Release|Any CPU.ActiveCfg = Release|Any CPU
		{A9610024-F5B9-4065-9557-BD9E36A3242A}.Release|Any CPU.Build.0 = Release|Any CPU
		{A9610024-F5B9-4065-9557-BD9E36A3242A}.Release|x64.ActiveCfg = Release|Any CPU
		{A9610024-F5B9-4065-9557-BD9E36A3242A}.Release|x64.Build.0 = Release|Any CPU
		{A9610024-F5B9-4065-9557-BD9E36A3242A}.Release|x86.ActiveCfg = Release|Any CPU
		{A9610024-F5B9-4065-9557-BD9E36A3242A}.Release|x86.Build.0 = Release|Any CPU
		{07CA645D-F97C-47E4-81E9-2E23F1C43568}.Debug|Any CPU.ActiveCfg = Debug|Any CPU
		{07CA645D-F97C-47E4-81E9-2E23F1C43568}.Debug|Any CPU.Build.0 = Debug|Any CPU
		{07CA645D-F97C-47E4-81E9-2E23F1C43568}.Debug|x64.ActiveCfg = Debug|Any CPU
		{07CA645D-F97C-47E4-81E9-2E23F1C43568}.Debug|x64.Build.0 = Debug|Any CPU
		{07CA645D-F97C-47E4-81E9-2E23F1C43568}.Debug|x86.ActiveCfg = Debug|Any CPU
		{07CA645D-F97C-47E4-81E9-2E23F1C43568}.Debug|x86.Build.0 = Debug|Any CPU
		{07CA645D-F97C-47E4-81E9-2E23F1C43568}.Release|Any CPU.ActiveCfg = Release|Any CPU
		{07CA645D-F97C-47E4-81E9-2E23F1C43568}.Release|Any CPU.Build.0 = Release|Any CPU
		{07CA645D-F97C-47E4-81E9-2E23F1C43568}.Release|x64.ActiveCfg = Release|Any CPU
		{07CA645D-F97C-47E4-81E9-2E23F1C43568}.Release|x64.Build.0 = Release|Any CPU
		{07CA645D-F97C-47E4-81E9-2E23F1C43568}.Release|x86.ActiveCfg = Release|Any CPU
		{07CA645D-F97C-47E4-81E9-2E23F1C43568}.Release|x86.Build.0 = Release|Any CPU
		{D3592787-F666-4AE5-AB69-F895B4CF4876}.Debug|Any CPU.ActiveCfg = Debug|Any CPU
		{D3592787-F666-4AE5-AB69-F895B4CF4876}.Debug|Any CPU.Build.0 = Debug|Any CPU
		{D3592787-F666-4AE5-AB69-F895B4CF4876}.Debug|x64.ActiveCfg = Debug|Any CPU
		{D3592787-F666-4AE5-AB69-F895B4CF4876}.Debug|x64.Build.0 = Debug|Any CPU
		{D3592787-F666-4AE5-AB69-F895B4CF4876}.Debug|x86.ActiveCfg = Debug|Any CPU
		{D3592787-F666-4AE5-AB69-F895B4CF4876}.Debug|x86.Build.0 = Debug|Any CPU
		{D3592787-F666-4AE5-AB69-F895B4CF4876}.Release|Any CPU.ActiveCfg = Release|Any CPU
		{D3592787-F666-4AE5-AB69-F895B4CF4876}.Release|Any CPU.Build.0 = Release|Any CPU
		{D3592787-F666-4AE5-AB69-F895B4CF4876}.Release|x64.ActiveCfg = Release|Any CPU
		{D3592787-F666-4AE5-AB69-F895B4CF4876}.Release|x64.Build.0 = Release|Any CPU
		{D3592787-F666-4AE5-AB69-F895B4CF4876}.Release|x86.ActiveCfg = Release|Any CPU
		{D3592787-F666-4AE5-AB69-F895B4CF4876}.Release|x86.Build.0 = Release|Any CPU
		{A6637DAD-D4EA-4FEA-BD29-42686BE65048}.Debug|Any CPU.ActiveCfg = Debug|Any CPU
		{A6637DAD-D4EA-4FEA-BD29-42686BE65048}.Debug|Any CPU.Build.0 = Debug|Any CPU
		{A6637DAD-D4EA-4FEA-BD29-42686BE65048}.Debug|x64.ActiveCfg = Debug|Any CPU
		{A6637DAD-D4EA-4FEA-BD29-42686BE65048}.Debug|x64.Build.0 = Debug|Any CPU
		{A6637DAD-D4EA-4FEA-BD29-42686BE65048}.Debug|x86.ActiveCfg = Debug|Any CPU
		{A6637DAD-D4EA-4FEA-BD29-42686BE65048}.Debug|x86.Build.0 = Debug|Any CPU
		{A6637DAD-D4EA-4FEA-BD29-42686BE65048}.Release|Any CPU.ActiveCfg = Release|Any CPU
		{A6637DAD-D4EA-4FEA-BD29-42686BE65048}.Release|Any CPU.Build.0 = Release|Any CPU
		{A6637DAD-D4EA-4FEA-BD29-42686BE65048}.Release|x64.ActiveCfg = Release|Any CPU
		{A6637DAD-D4EA-4FEA-BD29-42686BE65048}.Release|x64.Build.0 = Release|Any CPU
		{A6637DAD-D4EA-4FEA-BD29-42686BE65048}.Release|x86.ActiveCfg = Release|Any CPU
		{A6637DAD-D4EA-4FEA-BD29-42686BE65048}.Release|x86.Build.0 = Release|Any CPU
		{AB11D629-BF9E-4AF5-9BD6-F056FB08EA8A}.Debug|Any CPU.ActiveCfg = Debug|Any CPU
		{AB11D629-BF9E-4AF5-9BD6-F056FB08EA8A}.Debug|Any CPU.Build.0 = Debug|Any CPU
		{AB11D629-BF9E-4AF5-9BD6-F056FB08EA8A}.Debug|x64.ActiveCfg = Debug|Any CPU
		{AB11D629-BF9E-4AF5-9BD6-F056FB08EA8A}.Debug|x64.Build.0 = Debug|Any CPU
		{AB11D629-BF9E-4AF5-9BD6-F056FB08EA8A}.Debug|x86.ActiveCfg = Debug|Any CPU
		{AB11D629-BF9E-4AF5-9BD6-F056FB08EA8A}.Debug|x86.Build.0 = Debug|Any CPU
		{AB11D629-BF9E-4AF5-9BD6-F056FB08EA8A}.Release|Any CPU.ActiveCfg = Release|Any CPU
		{AB11D629-BF9E-4AF5-9BD6-F056FB08EA8A}.Release|Any CPU.Build.0 = Release|Any CPU
		{AB11D629-BF9E-4AF5-9BD6-F056FB08EA8A}.Release|x64.ActiveCfg = Release|Any CPU
		{AB11D629-BF9E-4AF5-9BD6-F056FB08EA8A}.Release|x64.Build.0 = Release|Any CPU
		{AB11D629-BF9E-4AF5-9BD6-F056FB08EA8A}.Release|x86.ActiveCfg = Release|Any CPU
		{AB11D629-BF9E-4AF5-9BD6-F056FB08EA8A}.Release|x86.Build.0 = Release|Any CPU
		{58E62584-5B28-4DBD-A1A0-4E7B95E5A3E8}.Debug|Any CPU.ActiveCfg = Debug|Any CPU
		{58E62584-5B28-4DBD-A1A0-4E7B95E5A3E8}.Debug|Any CPU.Build.0 = Debug|Any CPU
		{58E62584-5B28-4DBD-A1A0-4E7B95E5A3E8}.Debug|x64.ActiveCfg = Debug|Any CPU
		{58E62584-5B28-4DBD-A1A0-4E7B95E5A3E8}.Debug|x64.Build.0 = Debug|Any CPU
		{58E62584-5B28-4DBD-A1A0-4E7B95E5A3E8}.Debug|x86.ActiveCfg = Debug|Any CPU
		{58E62584-5B28-4DBD-A1A0-4E7B95E5A3E8}.Debug|x86.Build.0 = Debug|Any CPU
		{58E62584-5B28-4DBD-A1A0-4E7B95E5A3E8}.Release|Any CPU.ActiveCfg = Release|Any CPU
		{58E62584-5B28-4DBD-A1A0-4E7B95E5A3E8}.Release|Any CPU.Build.0 = Release|Any CPU
		{58E62584-5B28-4DBD-A1A0-4E7B95E5A3E8}.Release|x64.ActiveCfg = Release|Any CPU
		{58E62584-5B28-4DBD-A1A0-4E7B95E5A3E8}.Release|x64.Build.0 = Release|Any CPU
		{58E62584-5B28-4DBD-A1A0-4E7B95E5A3E8}.Release|x86.ActiveCfg = Release|Any CPU
		{58E62584-5B28-4DBD-A1A0-4E7B95E5A3E8}.Release|x86.Build.0 = Release|Any CPU
		{DF733504-A366-4860-813E-D20AABE243B2}.Debug|Any CPU.ActiveCfg = Debug|Any CPU
		{DF733504-A366-4860-813E-D20AABE243B2}.Debug|Any CPU.Build.0 = Debug|Any CPU
		{DF733504-A366-4860-813E-D20AABE243B2}.Debug|x64.ActiveCfg = Debug|Any CPU
		{DF733504-A366-4860-813E-D20AABE243B2}.Debug|x64.Build.0 = Debug|Any CPU
		{DF733504-A366-4860-813E-D20AABE243B2}.Debug|x86.ActiveCfg = Debug|Any CPU
		{DF733504-A366-4860-813E-D20AABE243B2}.Debug|x86.Build.0 = Debug|Any CPU
		{DF733504-A366-4860-813E-D20AABE243B2}.Release|Any CPU.ActiveCfg = Release|Any CPU
		{DF733504-A366-4860-813E-D20AABE243B2}.Release|Any CPU.Build.0 = Release|Any CPU
		{DF733504-A366-4860-813E-D20AABE243B2}.Release|x64.ActiveCfg = Release|Any CPU
		{DF733504-A366-4860-813E-D20AABE243B2}.Release|x64.Build.0 = Release|Any CPU
		{DF733504-A366-4860-813E-D20AABE243B2}.Release|x86.ActiveCfg = Release|Any CPU
		{DF733504-A366-4860-813E-D20AABE243B2}.Release|x86.Build.0 = Release|Any CPU
		{D9718C48-7020-4A0F-ACA0-17B28DCD6339}.Debug|Any CPU.ActiveCfg = Debug|Any CPU
		{D9718C48-7020-4A0F-ACA0-17B28DCD6339}.Debug|Any CPU.Build.0 = Debug|Any CPU
		{D9718C48-7020-4A0F-ACA0-17B28DCD6339}.Debug|x64.ActiveCfg = Debug|x64
		{D9718C48-7020-4A0F-ACA0-17B28DCD6339}.Debug|x64.Build.0 = Debug|x64
		{D9718C48-7020-4A0F-ACA0-17B28DCD6339}.Debug|x86.ActiveCfg = Debug|x86
		{D9718C48-7020-4A0F-ACA0-17B28DCD6339}.Debug|x86.Build.0 = Debug|x86
		{D9718C48-7020-4A0F-ACA0-17B28DCD6339}.Release|Any CPU.ActiveCfg = Release|Any CPU
		{D9718C48-7020-4A0F-ACA0-17B28DCD6339}.Release|Any CPU.Build.0 = Release|Any CPU
		{D9718C48-7020-4A0F-ACA0-17B28DCD6339}.Release|x64.ActiveCfg = Release|x64
		{D9718C48-7020-4A0F-ACA0-17B28DCD6339}.Release|x64.Build.0 = Release|x64
		{D9718C48-7020-4A0F-ACA0-17B28DCD6339}.Release|x86.ActiveCfg = Release|x86
		{D9718C48-7020-4A0F-ACA0-17B28DCD6339}.Release|x86.Build.0 = Release|x86
	EndGlobalSection
	GlobalSection(SolutionProperties) = preSolution
		HideSolutionNode = FALSE
	EndGlobalSection
	GlobalSection(NestedProjects) = preSolution
		{AC1BD60C-E7D8-4452-A21C-290AEC8E2E7A} = {22C57246-E750-4254-80D2-9BEF9C241189}
		{8D937706-F6DA-4D33-B0A9-24A260BD3080} = {22C57246-E750-4254-80D2-9BEF9C241189}
		{E782DD19-51F7-4F66-8217-BACAC33767E4} = {22C57246-E750-4254-80D2-9BEF9C241189}
		{6FF2004C-CDF8-479C-BF27-C6BFE8EF93E0} = {22C57246-E750-4254-80D2-9BEF9C241189}
		{40EE3B00-D381-485F-9C69-FF706837DEED} = {22C57246-E750-4254-80D2-9BEF9C241189}
		{A03DFE72-F1CA-4E79-8A84-EDF5D277EB1A} = {224EAB7B-DBF8-4652-AC71-6C6ABBAB22AD}
		{AFD242B4-EDA9-42CD-BA39-E410B98ADD2A} = {224EAB7B-DBF8-4652-AC71-6C6ABBAB22AD}
		{A682ABC1-1A51-4794-8012-DA8E59EBC72A} = {224EAB7B-DBF8-4652-AC71-6C6ABBAB22AD}
		{A972213F-189B-41D4-90FE-38D513C1106A} = {224EAB7B-DBF8-4652-AC71-6C6ABBAB22AD}
		{A9C8FFEC-4947-4F04-BA73-1F17B329A55A} = {224EAB7B-DBF8-4652-AC71-6C6ABBAB22AD}
		{AACE28AE-F301-472A-B633-02B55434871A} = {224EAB7B-DBF8-4652-AC71-6C6ABBAB22AD}
		{AAE67055-F38A-45F0-AEA7-5754F4814EAA} = {224EAB7B-DBF8-4652-AC71-6C6ABBAB22AD}
		{A054DB14-2A92-4CC0-959E-A2C51F5E65DA} = {22C57246-E750-4254-80D2-9BEF9C241189}
		{C45A5F3F-81CC-46BD-A113-454BCFC3368D} = {224EAB7B-DBF8-4652-AC71-6C6ABBAB22AD}
		{A92818EF-B3F8-4CE2-9886-4808713B15CA} = {7B982A96-66A1-4E08-AA68-8A56905A53CA}
		{5327F1B7-5ABD-4BEB-882B-84DF2B0C435F} = {22C57246-E750-4254-80D2-9BEF9C241189}
		{AA3DFE72-F1CA-4E79-8A84-EDF5D277AB1A} = {224EAB7B-DBF8-4652-AC71-6C6ABBAB22AD}
		{7B982A96-66A1-4E08-AA68-8A56905A53CA} = {22C57246-E750-4254-80D2-9BEF9C241189}
		{A9610024-F5B9-4065-9557-BD9E36A3242A} = {224EAB7B-DBF8-4652-AC71-6C6ABBAB22AD}
		{07CA645D-F97C-47E4-81E9-2E23F1C43568} = {224EAB7B-DBF8-4652-AC71-6C6ABBAB22AD}
		{D3592787-F666-4AE5-AB69-F895B4CF4876} = {7B982A96-66A1-4E08-AA68-8A56905A53CA}
		{A6637DAD-D4EA-4FEA-BD29-42686BE65048} = {224EAB7B-DBF8-4652-AC71-6C6ABBAB22AD}
		{AB11D629-BF9E-4AF5-9BD6-F056FB08EA8A} = {224EAB7B-DBF8-4652-AC71-6C6ABBAB22AD}
		{58E62584-5B28-4DBD-A1A0-4E7B95E5A3E8} = {7B982A96-66A1-4E08-AA68-8A56905A53CA}
		{DF733504-A366-4860-813E-D20AABE243B2} = {224EAB7B-DBF8-4652-AC71-6C6ABBAB22AD}
		{D9718C48-7020-4A0F-ACA0-17B28DCD6339} = {22C57246-E750-4254-80D2-9BEF9C241189}
	EndGlobalSection
EndGlobal
