
Microsoft Visual Studio Solution File, Format Version 12.00
# Visual Studio Version 16
VisualStudioVersion = 16.0.29009.5
MinimumVisualStudioVersion = 10.0.40219.1
Project("{9A19103F-16F7-4668-BE54-9A1E7A4F7556}") = "Orleans.Client.Hosting", "Orleans.Client.Hosting.csproj", "{6D897DC1-8DBF-467C-A1EF-87C3FFCB195D}"
EndProject
Global
	GlobalSection(SolutionConfigurationPlatforms) = preSolution
		Debug|Any CPU = Debug|Any CPU
		Release|Any CPU = Release|Any CPU
	EndGlobalSection
	GlobalSection(ProjectConfigurationPlatforms) = postSolution
		{6D897DC1-8DBF-467C-A1EF-87C3FFCB195D}.Debug|Any CPU.ActiveCfg = Debug|Any CPU
		{6D897DC1-8DBF-467C-A1EF-87C3FFCB195D}.Debug|Any CPU.Build.0 = Debug|Any CPU
		{6D897DC1-8DBF-467C-A1EF-87C3FFCB195D}.Release|Any CPU.ActiveCfg = Release|Any CPU
		{6D897DC1-8DBF-467C-A1EF-87C3FFCB195D}.Release|Any CPU.Build.0 = Release|Any CPU
	EndGlobalSection
	GlobalSection(SolutionProperties) = preSolution
		HideSolutionNode = FALSE
	EndGlobalSection
	GlobalSection(ExtensibilityGlobals) = postSolution
		SolutionGuid = {968254C5-BBDD-4DDB-9AA7-3A0E6DBC26ED}
	EndGlobalSection
EndGlobal
