
Microsoft Visual Studio Solution File, Format Version 12.00
# Visual Studio 2013
VisualStudioVersion = 12.0.31101.0
MinimumVisualStudioVersion = 10.0.40219.1
Project("{FAE04EC0-301F-11D3-BF4B-00C04F79EFBC}") = "ChirperGrainInterfaces", "ChirperGrainInterfaces\ChirperGrainInterfaces.csproj", "{FACDE9B2-709B-4345-A4D4-4F5827794607}"
EndProject
Project("{2150E333-8FDC-42A3-9474-1A3956D46DE8}") = "Solution Items", "Solution Items", "{B06E44D7-A31F-454D-B09C-BBB246B3720B}"
	ProjectSection(SolutionItems) = preProject
		1.Demo Start Silo.cmd = 1.Demo Start Silo.cmd
		2.Demo Loader.cmd = 2.Demo Loader.cmd
		3.Demo Listener.cmd = 3.Demo Listener.cmd
		4.Demo Publisher.cmd = 4.Demo Publisher.cmd
	EndProjectSection
EndProject
Project("{FAE04EC0-301F-11D3-BF4B-00C04F79EFBC}") = "ChirperGrains", "ChirperGrains\ChirperGrains.csproj", "{A1F2F6C1-4E32-414E-A314-BEFE5E5E0FC4}"
EndProject
Project("{FAE04EC0-301F-11D3-BF4B-00C04F79EFBC}") = "ChirperClient", "ChirperClient\ChirperClient.csproj", "{2721E5A9-A9E2-4006-9E3A-70B4053A7C7C}"
EndProject
Project("{FAE04EC0-301F-11D3-BF4B-00C04F79EFBC}") = "NetworkLoader", "NetworkLoader\NetworkLoader.csproj", "{5EE0397A-ED4D-4517-9C68-DD74D5ECF3DB}"
EndProject
Project("{FAE04EC0-301F-11D3-BF4B-00C04F79EFBC}") = "NetworkDriver", "NetworkDriver\NetworkDriver.csproj", "{24F7EBBF-ACCA-4AD2-8ADF-3BBD0C77A45C}"
EndProject
Project("{FAE04EC0-301F-11D3-BF4B-00C04F79EFBC}") = "NetworkGenerator", "NetworkGenerator\NetworkGenerator.csproj", "{D8BA3B4B-7C0A-42DE-A13E-77D4B8371A4D}"
EndProject
Project("{FAE04EC0-301F-11D3-BF4B-00C04F79EFBC}") = "Host", "Host\Host.csproj", "{2BE15125-1C8E-47EF-810E-FF0071192808}"
EndProject
Global
	GlobalSection(SolutionConfigurationPlatforms) = preSolution
		Debug|Any CPU = Debug|Any CPU
		Release|Any CPU = Release|Any CPU
	EndGlobalSection
	GlobalSection(ProjectConfigurationPlatforms) = postSolution
		{FACDE9B2-709B-4345-A4D4-4F5827794607}.Debug|Any CPU.ActiveCfg = Debug|Any CPU
		{FACDE9B2-709B-4345-A4D4-4F5827794607}.Debug|Any CPU.Build.0 = Debug|Any CPU
		{FACDE9B2-709B-4345-A4D4-4F5827794607}.Release|Any CPU.ActiveCfg = Release|Any CPU
		{FACDE9B2-709B-4345-A4D4-4F5827794607}.Release|Any CPU.Build.0 = Release|Any CPU
		{A1F2F6C1-4E32-414E-A314-BEFE5E5E0FC4}.Debug|Any CPU.ActiveCfg = Debug|Any CPU
		{A1F2F6C1-4E32-414E-A314-BEFE5E5E0FC4}.Debug|Any CPU.Build.0 = Debug|Any CPU
		{A1F2F6C1-4E32-414E-A314-BEFE5E5E0FC4}.Release|Any CPU.ActiveCfg = Release|Any CPU
		{A1F2F6C1-4E32-414E-A314-BEFE5E5E0FC4}.Release|Any CPU.Build.0 = Release|Any CPU
		{2721E5A9-A9E2-4006-9E3A-70B4053A7C7C}.Debug|Any CPU.ActiveCfg = Debug|Any CPU
		{2721E5A9-A9E2-4006-9E3A-70B4053A7C7C}.Debug|Any CPU.Build.0 = Debug|Any CPU
		{2721E5A9-A9E2-4006-9E3A-70B4053A7C7C}.Release|Any CPU.ActiveCfg = Release|Any CPU
		{2721E5A9-A9E2-4006-9E3A-70B4053A7C7C}.Release|Any CPU.Build.0 = Release|Any CPU
		{5EE0397A-ED4D-4517-9C68-DD74D5ECF3DB}.Debug|Any CPU.ActiveCfg = Debug|Any CPU
		{5EE0397A-ED4D-4517-9C68-DD74D5ECF3DB}.Debug|Any CPU.Build.0 = Debug|Any CPU
		{5EE0397A-ED4D-4517-9C68-DD74D5ECF3DB}.Release|Any CPU.ActiveCfg = Release|Any CPU
		{5EE0397A-ED4D-4517-9C68-DD74D5ECF3DB}.Release|Any CPU.Build.0 = Release|Any CPU
		{24F7EBBF-ACCA-4AD2-8ADF-3BBD0C77A45C}.Debug|Any CPU.ActiveCfg = Debug|Any CPU
		{24F7EBBF-ACCA-4AD2-8ADF-3BBD0C77A45C}.Debug|Any CPU.Build.0 = Debug|Any CPU
		{24F7EBBF-ACCA-4AD2-8ADF-3BBD0C77A45C}.Release|Any CPU.ActiveCfg = Release|Any CPU
		{24F7EBBF-ACCA-4AD2-8ADF-3BBD0C77A45C}.Release|Any CPU.Build.0 = Release|Any CPU
		{D8BA3B4B-7C0A-42DE-A13E-77D4B8371A4D}.Debug|Any CPU.ActiveCfg = Debug|Any CPU
		{D8BA3B4B-7C0A-42DE-A13E-77D4B8371A4D}.Debug|Any CPU.Build.0 = Debug|Any CPU
		{D8BA3B4B-7C0A-42DE-A13E-77D4B8371A4D}.Release|Any CPU.ActiveCfg = Release|Any CPU
		{D8BA3B4B-7C0A-42DE-A13E-77D4B8371A4D}.Release|Any CPU.Build.0 = Release|Any CPU
		{2BE15125-1C8E-47EF-810E-FF0071192808}.Debug|Any CPU.ActiveCfg = Debug|Any CPU
		{2BE15125-1C8E-47EF-810E-FF0071192808}.Debug|Any CPU.Build.0 = Debug|Any CPU
		{2BE15125-1C8E-47EF-810E-FF0071192808}.Release|Any CPU.ActiveCfg = Release|Any CPU
		{2BE15125-1C8E-47EF-810E-FF0071192808}.Release|Any CPU.Build.0 = Release|Any CPU
	EndGlobalSection
	GlobalSection(SolutionProperties) = preSolution
		HideSolutionNode = FALSE
	EndGlobalSection
EndGlobal
