
Microsoft Visual Studio Solution File, Format Version 12.00
# Visual Studio 14
VisualStudioVersion = 14.0.25420.1
MinimumVisualStudioVersion = 10.0.40219.1
Project("{FAE04EC0-301F-11D3-BF4B-00C04F79EFBC}") = "GrainInterfaces", "GrainInterfaces\GrainInterfaces.csproj", "{3B3475BA-A401-4A22-993A-167633035C07}"
EndProject
Project("{FAE04EC0-301F-11D3-BF4B-00C04F79EFBC}") = "GrainCollection", "GrainCollection\GrainCollection.csproj", "{4D3E815D-4E84-475F-BF7C-FF8BE5E9A842}"
EndProject
Project("{FAE04EC0-301F-11D3-BF4B-00C04F79EFBC}") = "Host", "Host\Host.csproj", "{FC689A91-9BFB-4A22-A328-7DE508600B9E}"
EndProject
Project("{FAE04EC0-301F-11D3-BF4B-00C04F79EFBC}") = "GrainTests", "GrainTests\GrainTests.csproj", "{B3756E38-66C1-40C0-AD0E-239065FD8E55}"
EndProject
Global
	GlobalSection(SolutionConfigurationPlatforms) = preSolution
		Debug|Any CPU = Debug|Any CPU
		Release|Any CPU = Release|Any CPU
	EndGlobalSection
	GlobalSection(ProjectConfigurationPlatforms) = postSolution
		{3B3475BA-A401-4A22-993A-167633035C07}.Debug|Any CPU.ActiveCfg = Debug|Any CPU
		{3B3475BA-A401-4A22-993A-167633035C07}.Debug|Any CPU.Build.0 = Debug|Any CPU
		{3B3475BA-A401-4A22-993A-167633035C07}.Release|Any CPU.ActiveCfg = Release|Any CPU
		{3B3475BA-A401-4A22-993A-167633035C07}.Release|Any CPU.Build.0 = Release|Any CPU
		{4D3E815D-4E84-475F-BF7C-FF8BE5E9A842}.Debug|Any CPU.ActiveCfg = Debug|Any CPU
		{4D3E815D-4E84-475F-BF7C-FF8BE5E9A842}.Debug|Any CPU.Build.0 = Debug|Any CPU
		{4D3E815D-4E84-475F-BF7C-FF8BE5E9A842}.Release|Any CPU.ActiveCfg = Release|Any CPU
		{4D3E815D-4E84-475F-BF7C-FF8BE5E9A842}.Release|Any CPU.Build.0 = Release|Any CPU
		{FC689A91-9BFB-4A22-A328-7DE508600B9E}.Debug|Any CPU.ActiveCfg = Debug|Any CPU
		{FC689A91-9BFB-4A22-A328-7DE508600B9E}.Debug|Any CPU.Build.0 = Debug|Any CPU
		{FC689A91-9BFB-4A22-A328-7DE508600B9E}.Release|Any CPU.ActiveCfg = Release|Any CPU
		{FC689A91-9BFB-4A22-A328-7DE508600B9E}.Release|Any CPU.Build.0 = Release|Any CPU
		{B3756E38-66C1-40C0-AD0E-239065FD8E55}.Debug|Any CPU.ActiveCfg = Debug|Any CPU
		{B3756E38-66C1-40C0-AD0E-239065FD8E55}.Debug|Any CPU.Build.0 = Debug|Any CPU
		{B3756E38-66C1-40C0-AD0E-239065FD8E55}.Release|Any CPU.ActiveCfg = Release|Any CPU
		{B3756E38-66C1-40C0-AD0E-239065FD8E55}.Release|Any CPU.Build.0 = Release|Any CPU
	EndGlobalSection
	GlobalSection(SolutionProperties) = preSolution
		HideSolutionNode = FALSE
	EndGlobalSection
EndGlobal
