
Microsoft Visual Studio Solution File, Format Version 12.00
# Visual Studio Version 16
VisualStudioVersion = 16.0.30114.105
MinimumVisualStudioVersion = 10.0.40219.1
Project("{FAE04EC0-301F-11D3-BF4B-00C04F79EFBC}") = "TicTacToe", "TicTacToe.csproj", "{A681F84D-75A3-41A1-9192-D2A7A90D733E}"
EndProject
Global
	GlobalSection(SolutionConfigurationPlatforms) = preSolution
		Debug|Any CPU = Debug|Any CPU
		Debug|x64 = Debug|x64
		Debug|x86 = Debug|x86
		Release|Any CPU = Release|Any CPU
		Release|x64 = Release|x64
		Release|x86 = Release|x86
	EndGlobalSection
	GlobalSection(SolutionProperties) = preSolution
		HideSolutionNode = FALSE
	EndGlobalSection
	GlobalSection(ProjectConfigurationPlatforms) = postSolution
		{A681F84D-75A3-41A1-9192-D2A7A90D733E}.Debug|Any CPU.ActiveCfg = Debug|Any CPU
		{A681F84D-75A3-41A1-9192-D2A7A90D733E}.Debug|Any CPU.Build.0 = Debug|Any CPU
		{A681F84D-75A3-41A1-9192-D2A7A90D733E}.Debug|x64.ActiveCfg = Debug|Any CPU
		{A681F84D-75A3-41A1-9192-D2A7A90D733E}.Debug|x64.Build.0 = Debug|Any CPU
		{A681F84D-75A3-41A1-9192-D2A7A90D733E}.Debug|x86.ActiveCfg = Debug|Any CPU
		{A681F84D-75A3-41A1-9192-D2A7A90D733E}.Debug|x86.Build.0 = Debug|Any CPU
		{A681F84D-75A3-41A1-9192-D2A7A90D733E}.Release|Any CPU.ActiveCfg = Release|Any CPU
		{A681F84D-75A3-41A1-9192-D2A7A90D733E}.Release|Any CPU.Build.0 = Release|Any CPU
		{A681F84D-75A3-41A1-9192-D2A7A90D733E}.Release|x64.ActiveCfg = Release|Any CPU
		{A681F84D-75A3-41A1-9192-D2A7A90D733E}.Release|x64.Build.0 = Release|Any CPU
		{A681F84D-75A3-41A1-9192-D2A7A90D733E}.Release|x86.ActiveCfg = Release|Any CPU
		{A681F84D-75A3-41A1-9192-D2A7A90D733E}.Release|x86.Build.0 = Release|Any CPU
	EndGlobalSection
EndGlobal
