
Microsoft Visual Studio Solution File, Format Version 12.00
# Visual Studio 15
VisualStudioVersion = 15.0.26124.0
MinimumVisualStudioVersion = 15.0.26124.0
Project("{2150E333-8FDC-42A3-9474-1A3956D46DE8}") = "src", "src", "{D2571B41-EAE4-4428-ADE9-7C83ED51A85B}"
EndProject
Project("{FAE04EC0-301F-11D3-BF4B-00C04F79EFBC}") = "OrleansSilo", "src\OrleansSilo\OrleansSilo.csproj", "{A7B0B52D-FA15-4E84-8470-0BD8A055451D}"
EndProject
Project("{FAE04EC0-301F-11D3-BF4B-00C04F79EFBC}") = "OrleansClient", "src\OrleansClient\OrleansClient.csproj", "{E88621EF-5477-42FC-B436-AD0B7F725723}"
EndProject
Project("{FAE04EC0-301F-11D3-BF4B-00C04F79EFBC}") = "OrleansGrains", "src\OrleansGrains\OrleansGrains.csproj", "{DCCE4200-D01C-4AC6-9645-92729C4771ED}"
EndProject
Project("{FAE04EC0-301F-11D3-BF4B-00C04F79EFBC}") = "OrleansGrainInterfaces", "src\OrleansGrainInterfaces\OrleansGrainInterfaces.csproj", "{90919A64-D1DC-444A-8A45-C7F4B86B4881}"
EndProject
Global
	GlobalSection(SolutionConfigurationPlatforms) = preSolution
		Debug|Any CPU = Debug|Any CPU
		Debug|x64 = Debug|x64
		Debug|x86 = Debug|x86
		Release|Any CPU = Release|Any CPU
		Release|x64 = Release|x64
		Release|x86 = Release|x86
	EndGlobalSection
	GlobalSection(SolutionProperties) = preSolution
		HideSolutionNode = FALSE
	EndGlobalSection
	GlobalSection(ProjectConfigurationPlatforms) = postSolution
		{A7B0B52D-FA15-4E84-8470-0BD8A055451D}.Debug|Any CPU.ActiveCfg = Debug|Any CPU
		{A7B0B52D-FA15-4E84-8470-0BD8A055451D}.Debug|Any CPU.Build.0 = Debug|Any CPU
		{A7B0B52D-FA15-4E84-8470-0BD8A055451D}.Debug|x64.ActiveCfg = Debug|x64
		{A7B0B52D-FA15-4E84-8470-0BD8A055451D}.Debug|x64.Build.0 = Debug|x64
		{A7B0B52D-FA15-4E84-8470-0BD8A055451D}.Debug|x86.ActiveCfg = Debug|x86
		{A7B0B52D-FA15-4E84-8470-0BD8A055451D}.Debug|x86.Build.0 = Debug|x86
		{A7B0B52D-FA15-4E84-8470-0BD8A055451D}.Release|Any CPU.ActiveCfg = Release|Any CPU
		{A7B0B52D-FA15-4E84-8470-0BD8A055451D}.Release|Any CPU.Build.0 = Release|Any CPU
		{A7B0B52D-FA15-4E84-8470-0BD8A055451D}.Release|x64.ActiveCfg = Release|x64
		{A7B0B52D-FA15-4E84-8470-0BD8A055451D}.Release|x64.Build.0 = Release|x64
		{A7B0B52D-FA15-4E84-8470-0BD8A055451D}.Release|x86.ActiveCfg = Release|x86
		{A7B0B52D-FA15-4E84-8470-0BD8A055451D}.Release|x86.Build.0 = Release|x86
		{E88621EF-5477-42FC-B436-AD0B7F725723}.Debug|Any CPU.ActiveCfg = Debug|Any CPU
		{E88621EF-5477-42FC-B436-AD0B7F725723}.Debug|Any CPU.Build.0 = Debug|Any CPU
		{E88621EF-5477-42FC-B436-AD0B7F725723}.Debug|x64.ActiveCfg = Debug|x64
		{E88621EF-5477-42FC-B436-AD0B7F725723}.Debug|x64.Build.0 = Debug|x64
		{E88621EF-5477-42FC-B436-AD0B7F725723}.Debug|x86.ActiveCfg = Debug|x86
		{E88621EF-5477-42FC-B436-AD0B7F725723}.Debug|x86.Build.0 = Debug|x86
		{E88621EF-5477-42FC-B436-AD0B7F725723}.Release|Any CPU.ActiveCfg = Release|Any CPU
		{E88621EF-5477-42FC-B436-AD0B7F725723}.Release|Any CPU.Build.0 = Release|Any CPU
		{E88621EF-5477-42FC-B436-AD0B7F725723}.Release|x64.ActiveCfg = Release|x64
		{E88621EF-5477-42FC-B436-AD0B7F725723}.Release|x64.Build.0 = Release|x64
		{E88621EF-5477-42FC-B436-AD0B7F725723}.Release|x86.ActiveCfg = Release|x86
		{E88621EF-5477-42FC-B436-AD0B7F725723}.Release|x86.Build.0 = Release|x86
		{DCCE4200-D01C-4AC6-9645-92729C4771ED}.Debug|Any CPU.ActiveCfg = Debug|Any CPU
		{DCCE4200-D01C-4AC6-9645-92729C4771ED}.Debug|Any CPU.Build.0 = Debug|Any CPU
		{DCCE4200-D01C-4AC6-9645-92729C4771ED}.Debug|x64.ActiveCfg = Debug|x64
		{DCCE4200-D01C-4AC6-9645-92729C4771ED}.Debug|x64.Build.0 = Debug|x64
		{DCCE4200-D01C-4AC6-9645-92729C4771ED}.Debug|x86.ActiveCfg = Debug|x86
		{DCCE4200-D01C-4AC6-9645-92729C4771ED}.Debug|x86.Build.0 = Debug|x86
		{DCCE4200-D01C-4AC6-9645-92729C4771ED}.Release|Any CPU.ActiveCfg = Release|Any CPU
		{DCCE4200-D01C-4AC6-9645-92729C4771ED}.Release|Any CPU.Build.0 = Release|Any CPU
		{DCCE4200-D01C-4AC6-9645-92729C4771ED}.Release|x64.ActiveCfg = Release|x64
		{DCCE4200-D01C-4AC6-9645-92729C4771ED}.Release|x64.Build.0 = Release|x64
		{DCCE4200-D01C-4AC6-9645-92729C4771ED}.Release|x86.ActiveCfg = Release|x86
		{DCCE4200-D01C-4AC6-9645-92729C4771ED}.Release|x86.Build.0 = Release|x86
		{90919A64-D1DC-444A-8A45-C7F4B86B4881}.Debug|Any CPU.ActiveCfg = Debug|Any CPU
		{90919A64-D1DC-444A-8A45-C7F4B86B4881}.Debug|Any CPU.Build.0 = Debug|Any CPU
		{90919A64-D1DC-444A-8A45-C7F4B86B4881}.Debug|x64.ActiveCfg = Debug|x64
		{90919A64-D1DC-444A-8A45-C7F4B86B4881}.Debug|x64.Build.0 = Debug|x64
		{90919A64-D1DC-444A-8A45-C7F4B86B4881}.Debug|x86.ActiveCfg = Debug|x86
		{90919A64-D1DC-444A-8A45-C7F4B86B4881}.Debug|x86.Build.0 = Debug|x86
		{90919A64-D1DC-444A-8A45-C7F4B86B4881}.Release|Any CPU.ActiveCfg = Release|Any CPU
		{90919A64-D1DC-444A-8A45-C7F4B86B4881}.Release|Any CPU.Build.0 = Release|Any CPU
		{90919A64-D1DC-444A-8A45-C7F4B86B4881}.Release|x64.ActiveCfg = Release|x64
		{90919A64-D1DC-444A-8A45-C7F4B86B4881}.Release|x64.Build.0 = Release|x64
		{90919A64-D1DC-444A-8A45-C7F4B86B4881}.Release|x86.ActiveCfg = Release|x86
		{90919A64-D1DC-444A-8A45-C7F4B86B4881}.Release|x86.Build.0 = Release|x86
	EndGlobalSection
	GlobalSection(NestedProjects) = preSolution
		{A7B0B52D-FA15-4E84-8470-0BD8A055451D} = {D2571B41-EAE4-4428-ADE9-7C83ED51A85B}
		{E88621EF-5477-42FC-B436-AD0B7F725723} = {D2571B41-EAE4-4428-ADE9-7C83ED51A85B}
		{DCCE4200-D01C-4AC6-9645-92729C4771ED} = {D2571B41-EAE4-4428-ADE9-7C83ED51A85B}
		{90919A64-D1DC-444A-8A45-C7F4B86B4881} = {D2571B41-EAE4-4428-ADE9-7C83ED51A85B}
	EndGlobalSection
EndGlobal
