
Microsoft Visual Studio Solution File, Format Version 12.00
# Visual Studio 14
VisualStudioVersion = 14.0.24720.0
MinimumVisualStudioVersion = 10.0.40219.1
Project("{2150E333-8FDC-42A3-9474-1A3956D46DE8}") = "Solution Items", "Solution Items", "{AE2BF58A-CBBF-4528-9382-15687000A891}"
	ProjectSection(SolutionItems) = preProject
		README.md = README.md
	EndProjectSection
EndProject
Project("{CC5FD16D-436D-48AD-A40C-5A424C6E3E79}") = "OrleansAzureSample", "OrleansAzureSample\OrleansAzureSample.ccproj", "{492563FC-84B6-41C5-A776-394A8BBF72C6}"
EndProject
Project("{FAE04EC0-301F-11D3-BF4B-00C04F79EFBC}") = "OrleansAzureSilos", "OrleansAzureSilos\OrleansAzureSilos.csproj", "{6B7E7C7D-FCB5-415C-A361-E653CB9EAD72}"
EndProject
Project("{FAE04EC0-301F-11D3-BF4B-00C04F79EFBC}") = "WebRole", "WebRole\WebRole.csproj", "{313B557F-4B35-4064-BAC7-FDC47845C534}"
EndProject
Project("{FAE04EC0-301F-11D3-BF4B-00C04F79EFBC}") = "HelloEnvironmentInterfaces", "HelloEnvironmentInterfaces\HelloEnvironmentInterfaces.csproj", "{163CCE80-C506-468C-9B28-E2FF198097E3}"
EndProject
Project("{FAE04EC0-301F-11D3-BF4B-00C04F79EFBC}") = "HelloEnvironmentGrains", "HelloEnvironmentGrains\HelloEnvironmentGrains.csproj", "{98D4DB83-175E-44D5-A14B-9C66EE89F037}"
EndProject
Global
	GlobalSection(SolutionConfigurationPlatforms) = preSolution
		Debug|Any CPU = Debug|Any CPU
		Release|Any CPU = Release|Any CPU
	EndGlobalSection
	GlobalSection(ProjectConfigurationPlatforms) = postSolution
		{492563FC-84B6-41C5-A776-394A8BBF72C6}.Debug|Any CPU.ActiveCfg = Debug|Any CPU
		{492563FC-84B6-41C5-A776-394A8BBF72C6}.Debug|Any CPU.Build.0 = Debug|Any CPU
		{492563FC-84B6-41C5-A776-394A8BBF72C6}.Release|Any CPU.ActiveCfg = Release|Any CPU
		{492563FC-84B6-41C5-A776-394A8BBF72C6}.Release|Any CPU.Build.0 = Release|Any CPU
		{6B7E7C7D-FCB5-415C-A361-E653CB9EAD72}.Debug|Any CPU.ActiveCfg = Debug|Any CPU
		{6B7E7C7D-FCB5-415C-A361-E653CB9EAD72}.Debug|Any CPU.Build.0 = Debug|Any CPU
		{6B7E7C7D-FCB5-415C-A361-E653CB9EAD72}.Release|Any CPU.ActiveCfg = Release|Any CPU
		{6B7E7C7D-FCB5-415C-A361-E653CB9EAD72}.Release|Any CPU.Build.0 = Release|Any CPU
		{313B557F-4B35-4064-BAC7-FDC47845C534}.Debug|Any CPU.ActiveCfg = Debug|Any CPU
		{313B557F-4B35-4064-BAC7-FDC47845C534}.Debug|Any CPU.Build.0 = Debug|Any CPU
		{313B557F-4B35-4064-BAC7-FDC47845C534}.Release|Any CPU.ActiveCfg = Release|Any CPU
		{313B557F-4B35-4064-BAC7-FDC47845C534}.Release|Any CPU.Build.0 = Release|Any CPU
		{163CCE80-C506-468C-9B28-E2FF198097E3}.Debug|Any CPU.ActiveCfg = Debug|Any CPU
		{163CCE80-C506-468C-9B28-E2FF198097E3}.Debug|Any CPU.Build.0 = Debug|Any CPU
		{163CCE80-C506-468C-9B28-E2FF198097E3}.Release|Any CPU.ActiveCfg = Release|Any CPU
		{163CCE80-C506-468C-9B28-E2FF198097E3}.Release|Any CPU.Build.0 = Release|Any CPU
		{98D4DB83-175E-44D5-A14B-9C66EE89F037}.Debug|Any CPU.ActiveCfg = Debug|Any CPU
		{98D4DB83-175E-44D5-A14B-9C66EE89F037}.Debug|Any CPU.Build.0 = Debug|Any CPU
		{98D4DB83-175E-44D5-A14B-9C66EE89F037}.Release|Any CPU.ActiveCfg = Release|Any CPU
		{98D4DB83-175E-44D5-A14B-9C66EE89F037}.Release|Any CPU.Build.0 = Release|Any CPU
	EndGlobalSection
	GlobalSection(SolutionProperties) = preSolution
		HideSolutionNode = FALSE
	EndGlobalSection
EndGlobal
