
Microsoft Visual Studio Solution File, Format Version 12.00
# Visual Studio Version 16
VisualStudioVersion = 16.0.29905.134
MinimumVisualStudioVersion = 10.0.40219.1
Project("{9A19103F-16F7-4668-BE54-9A1E7A4F7556}") = "Silo", "Silo\Silo.csproj", "{3B374D11-D14D-4F9A-AF5F-8E941E52A544}"
EndProject
Project("{9A19103F-16F7-4668-BE54-9A1E7A4F7556}") = "Common", "..\Common\Common.csproj", "{5C1B9E40-298A-4A8A-9077-2FF87B1C2F69}"
EndProject
Project("{FAE04EC0-301F-11D3-BF4B-00C04F79EFBC}") = "GrainInterfaces", "GrainInterfaces\GrainInterfaces.csproj", "{75E26AC8-58C2-41DC-AF31-0098FD2238DA}"
EndProject
Project("{FAE04EC0-301F-11D3-BF4B-00C04F79EFBC}") = "Grains", "Grains\Grains.csproj", "{522F5332-93B0-42EE-901D-F88EA748D99B}"
EndProject
Project("{FAE04EC0-301F-11D3-BF4B-00C04F79EFBC}") = "NonOrleansClient", "NonOrleansClient\NonOrleansClient.csproj", "{B0661EEE-5788-4E41-A5C3-6A4796B5D1EC}"
EndProject
Global
	GlobalSection(SolutionConfigurationPlatforms) = preSolution
		Debug|Any CPU = Debug|Any CPU
		Release|Any CPU = Release|Any CPU
	EndGlobalSection
	GlobalSection(ProjectConfigurationPlatforms) = postSolution
		{3B374D11-D14D-4F9A-AF5F-8E941E52A544}.Debug|Any CPU.ActiveCfg = Debug|Any CPU
		{3B374D11-D14D-4F9A-AF5F-8E941E52A544}.Debug|Any CPU.Build.0 = Debug|Any CPU
		{3B374D11-D14D-4F9A-AF5F-8E941E52A544}.Release|Any CPU.ActiveCfg = Release|Any CPU
		{3B374D11-D14D-4F9A-AF5F-8E941E52A544}.Release|Any CPU.Build.0 = Release|Any CPU
		{5C1B9E40-298A-4A8A-9077-2FF87B1C2F69}.Debug|Any CPU.ActiveCfg = Debug|Any CPU
		{5C1B9E40-298A-4A8A-9077-2FF87B1C2F69}.Debug|Any CPU.Build.0 = Debug|Any CPU
		{5C1B9E40-298A-4A8A-9077-2FF87B1C2F69}.Release|Any CPU.ActiveCfg = Release|Any CPU
		{5C1B9E40-298A-4A8A-9077-2FF87B1C2F69}.Release|Any CPU.Build.0 = Release|Any CPU
		{75E26AC8-58C2-41DC-AF31-0098FD2238DA}.Debug|Any CPU.ActiveCfg = Debug|Any CPU
		{75E26AC8-58C2-41DC-AF31-0098FD2238DA}.Debug|Any CPU.Build.0 = Debug|Any CPU
		{75E26AC8-58C2-41DC-AF31-0098FD2238DA}.Release|Any CPU.ActiveCfg = Release|Any CPU
		{75E26AC8-58C2-41DC-AF31-0098FD2238DA}.Release|Any CPU.Build.0 = Release|Any CPU
		{522F5332-93B0-42EE-901D-F88EA748D99B}.Debug|Any CPU.ActiveCfg = Debug|Any CPU
		{522F5332-93B0-42EE-901D-F88EA748D99B}.Debug|Any CPU.Build.0 = Debug|Any CPU
		{522F5332-93B0-42EE-901D-F88EA748D99B}.Release|Any CPU.ActiveCfg = Release|Any CPU
		{522F5332-93B0-42EE-901D-F88EA748D99B}.Release|Any CPU.Build.0 = Release|Any CPU
		{B0661EEE-5788-4E41-A5C3-6A4796B5D1EC}.Debug|Any CPU.ActiveCfg = Debug|Any CPU
		{B0661EEE-5788-4E41-A5C3-6A4796B5D1EC}.Debug|Any CPU.Build.0 = Debug|Any CPU
		{B0661EEE-5788-4E41-A5C3-6A4796B5D1EC}.Release|Any CPU.ActiveCfg = Release|Any CPU
		{B0661EEE-5788-4E41-A5C3-6A4796B5D1EC}.Release|Any CPU.Build.0 = Release|Any CPU
	EndGlobalSection
	GlobalSection(SolutionProperties) = preSolution
		HideSolutionNode = FALSE
	EndGlobalSection
	GlobalSection(ExtensibilityGlobals) = postSolution
		SolutionGuid = {C6252BA8-289A-4B19-831D-D7305C6A94AD}
	EndGlobalSection
EndGlobal
