
Microsoft Visual Studio Solution File, Format Version 12.00
# Visual Studio 15
VisualStudioVersion = 15.0.27130.2010
MinimumVisualStudioVersion = 10.0.40219.1
Project("{9A19103F-16F7-4668-BE54-9A1E7A4F7556}") = "API", "API\API.csproj", "{F28B975D-A1D1-4115-9BCF-C69FD97774AD}"
EndProject
Project("{E53339B2-1760-4266-BCC7-CA923CBCF16C}") = "docker-compose", "docker-compose.dcproj", "{66D6545D-BC17-48CE-AB70-8E494ED42606}"
EndProject
Project("{9A19103F-16F7-4668-BE54-9A1E7A4F7556}") = "GrainInterfaces", "GrainInterfaces\GrainInterfaces.csproj", "{21023A72-1417-4B24-AECF-53FC43C8551F}"
EndProject
Project("{9A19103F-16F7-4668-BE54-9A1E7A4F7556}") = "Grains", "Grains\Grains.csproj", "{C9C75B82-4399-425A-9800-4AE0EF5E6D56}"
EndProject
Project("{9A19103F-16F7-4668-BE54-9A1E7A4F7556}") = "Silo", "Silo\Silo.csproj", "{3C38E1F6-2628-47D5-A90B-E2636F4CF456}"
EndProject
Project("{2150E333-8FDC-42A3-9474-1A3956D46DE8}") = "Solution Items", "Solution Items", "{22D52A07-938F-4FE7-8B70-5AEEC1734E30}"
EndProject
Global
	GlobalSection(SolutionConfigurationPlatforms) = preSolution
		Debug|Any CPU = Debug|Any CPU
		Release|Any CPU = Release|Any CPU
	EndGlobalSection
	GlobalSection(ProjectConfigurationPlatforms) = postSolution
		{F28B975D-A1D1-4115-9BCF-C69FD97774AD}.Debug|Any CPU.ActiveCfg = Debug|Any CPU
		{F28B975D-A1D1-4115-9BCF-C69FD97774AD}.Debug|Any CPU.Build.0 = Debug|Any CPU
		{F28B975D-A1D1-4115-9BCF-C69FD97774AD}.Release|Any CPU.ActiveCfg = Release|Any CPU
		{F28B975D-A1D1-4115-9BCF-C69FD97774AD}.Release|Any CPU.Build.0 = Release|Any CPU
		{66D6545D-BC17-48CE-AB70-8E494ED42606}.Debug|Any CPU.ActiveCfg = Debug|Any CPU
		{66D6545D-BC17-48CE-AB70-8E494ED42606}.Debug|Any CPU.Build.0 = Debug|Any CPU
		{66D6545D-BC17-48CE-AB70-8E494ED42606}.Release|Any CPU.ActiveCfg = Release|Any CPU
		{66D6545D-BC17-48CE-AB70-8E494ED42606}.Release|Any CPU.Build.0 = Release|Any CPU
		{21023A72-1417-4B24-AECF-53FC43C8551F}.Debug|Any CPU.ActiveCfg = Debug|Any CPU
		{21023A72-1417-4B24-AECF-53FC43C8551F}.Debug|Any CPU.Build.0 = Debug|Any CPU
		{21023A72-1417-4B24-AECF-53FC43C8551F}.Release|Any CPU.ActiveCfg = Release|Any CPU
		{21023A72-1417-4B24-AECF-53FC43C8551F}.Release|Any CPU.Build.0 = Release|Any CPU
		{C9C75B82-4399-425A-9800-4AE0EF5E6D56}.Debug|Any CPU.ActiveCfg = Debug|Any CPU
		{C9C75B82-4399-425A-9800-4AE0EF5E6D56}.Debug|Any CPU.Build.0 = Debug|Any CPU
		{C9C75B82-4399-425A-9800-4AE0EF5E6D56}.Release|Any CPU.ActiveCfg = Release|Any CPU
		{C9C75B82-4399-425A-9800-4AE0EF5E6D56}.Release|Any CPU.Build.0 = Release|Any CPU
		{3C38E1F6-2628-47D5-A90B-E2636F4CF456}.Debug|Any CPU.ActiveCfg = Debug|Any CPU
		{3C38E1F6-2628-47D5-A90B-E2636F4CF456}.Debug|Any CPU.Build.0 = Debug|Any CPU
		{3C38E1F6-2628-47D5-A90B-E2636F4CF456}.Release|Any CPU.ActiveCfg = Release|Any CPU
		{3C38E1F6-2628-47D5-A90B-E2636F4CF456}.Release|Any CPU.Build.0 = Release|Any CPU
	EndGlobalSection
	GlobalSection(SolutionProperties) = preSolution
		HideSolutionNode = FALSE
	EndGlobalSection
	GlobalSection(ExtensibilityGlobals) = postSolution
		SolutionGuid = {144D219D-93C7-4F7E-9640-81BA2078D57D}
	EndGlobalSection
EndGlobal
