<Solution>
  <Folder Name="/Adventure/">
    <Project Path="Adventure/AdventureClient/AdventureClient.csproj" />
    <Project Path="Adventure/AdventureGrainInterfaces/AdventureGrainInterfaces.csproj" />
    <Project Path="Adventure/AdventureGrains/AdventureGrains.csproj" />
    <Project Path="Adventure/AdventureServer/AdventureServer.csproj" />
  </Folder>
  <Folder Name="/AWS/">
    <Project Path="AWS/KinesisDynamoDB/KinesisDynamoDB.csproj" />
  </Folder>
  <Folder Name="/BankAccount/">
    <Project Path="BankAccount/AccountTransfer.Grains/AccountTransfer.Grains.csproj" />
    <Project Path="BankAccount/AccountTransfer.Interfaces/AccountTransfer.Interfaces.csproj" />
    <Project Path="BankAccount/BankClient/BankClient.csproj" />
    <Project Path="BankAccount/BankServer/BankServer.csproj" />
  </Folder>
  <Folder Name="/BasicClustering/">
    <Project Path="BasicClustering/BasicClustering.AppHost/BasicClustering.AppHost.csproj" />
    <Project Path="BasicClustering/BasicClustering.Silo/BasicClustering.Silo.csproj" />
  </Folder>
  <Folder Name="/Blazor/">
    <Project Path="Blazor/BlazorServer/BlazorServer.csproj" />
  </Folder>
  <Folder Name="/Blazor/BlazorWasm/">
    <Project Path="Blazor/BlazorWasm/BlazorWasm.Client/BlazorWasm.Client.csproj" />
    <Project Path="Blazor/BlazorWasm/BlazorWasm.Server/BlazorWasm.Server.csproj" />
  </Folder>
  <Folder Name="/ChatRoom/">
    <Project Path="ChatRoom/ChatRoom.Client/ChatRoom.Client.csproj" />
    <Project Path="ChatRoom/ChatRoom.Common/ChatRoom.Common.csproj" />
    <Project Path="ChatRoom/ChatRoom.Service/ChatRoom.Service.csproj" />
  </Folder>
  <Folder Name="/Chirper/">
    <Project Path="Chirper/Chirper.Client/Chirper.Client.csproj" />
    <Project Path="Chirper/Chirper.Grains.Interfaces/Chirper.Grains.Interfaces.csproj" />
    <Project Path="Chirper/Chirper.Grains/Chirper.Grains.csproj" />
    <Project Path="Chirper/Chirper.Server/Chirper.Server.csproj" />
  </Folder>
  <Folder Name="/CustomGrainCallReturnType/">
    <Project Path="CustomGrainCallReturnType/CustomGrainCallReturnType.csproj" />
  </Folder>
  <Folder Name="/Deployment/" />
  <Folder Name="/Deployment/AzureAppService/" />
  <Folder Name="/Deployment/AzureAppService/Abstractions/">
    <Project Path="Deployment/AzureAppService/Abstractions/Orleans.ShoppingCart.Abstractions.csproj" />
  </Folder>
  <Folder Name="/Deployment/AzureAppService/Grains/">
    <Project Path="Deployment/AzureAppService/Grains/Orleans.ShoppingCart.Grains.csproj" />
  </Folder>
  <Folder Name="/Deployment/AzureAppService/Silo/">
    <Project Path="Deployment/AzureAppService/Silo/Orleans.ShoppingCart.Silo.csproj" />
  </Folder>
  <Folder Name="/Deployment/AzureContainerApps/">
    <Project Path="Deployment/AzureContainerApps/Abstractions/Abstractions.csproj" />
    <Project Path="Deployment/AzureContainerApps/Clients.MinimalApi/Clients.MinimalApi.csproj" />
    <Project Path="Deployment/AzureContainerApps/Clients.WorkerService/Clients.WorkerService.csproj" />
    <Project Path="Deployment/AzureContainerApps/Dashboard/Dashboard.csproj" />
    <Project Path="Deployment/AzureContainerApps/Grains/Grains.csproj" />
    <Project Path="Deployment/AzureContainerApps/Infrastructure/Infrastructure.csproj" />
    <Project Path="Deployment/AzureContainerApps/Scaler/Scaler.csproj" />
    <Project Path="Deployment/AzureContainerApps/Silo/Silo.csproj" />
  </Folder>
  <Folder Name="/FSharpHelloWorld/">
    <Project Path="FSharpHelloWorld/Grains/Grains.fsproj" />
    <Project Path="FSharpHelloWorld/HelloWorld/HelloWorld.csproj" />
    <Project Path="FSharpHelloWorld/HelloWorldInterfaces/HelloWorldInterfaces.csproj" />
  </Folder>
  <Folder Name="/GPSTracker/">
    <Project Path="GPSTracker/GPSTracker.Common/GPSTracker.Common.csproj" />
    <Project Path="GPSTracker/GPSTracker.FakeDeviceGateway/GPSTracker.FakeDeviceGateway.csproj" />
    <Project Path="GPSTracker/GPSTracker.Service/GPSTracker.Service.csproj" />
  </Folder>
  <Folder Name="/JournaledTodoList/">
    <Project Path="JournaledTodoList/JournaledTodoList.AppHost/JournaledTodoList.AppHost.csproj" />
    <Project Path="JournaledTodoList/JournaledTodoList.ServiceDefaults/JournaledTodoList.ServiceDefaults.csproj" />
    <Project Path="JournaledTodoList/JournaledTodoList.WebApp/JournaledTodoList.WebApp.csproj" />
  </Folder>
  <Folder Name="/Presence/" />
  <Folder Name="/Presence/src/">
    <Project Path="Presence/src/Grains.Interfaces/Grains.Interfaces.csproj" />
    <Project Path="Presence/src/Grains/Grains.csproj" />
    <Project Path="Presence/src/LoadGenerator/LoadGenerator.csproj" />
    <Project Path="Presence/src/PlayerWatcher/PlayerWatcher.csproj" />
    <Project Path="Presence/src/PresenceService/PresenceService.csproj" />
  </Folder>
  <Folder Name="/ShoppingCart/" />
  <Folder Name="/ShoppingCart/Abstractions/">
    <Project Path="ShoppingCart/Abstractions/Orleans.ShoppingCart.Abstractions.csproj" />
  </Folder>
  <Folder Name="/ShoppingCart/Grains/">
    <Project Path="ShoppingCart/Grains/Orleans.ShoppingCart.Grains.csproj" />
  </Folder>
  <Folder Name="/ShoppingCart/Silo/">
    <Project Path="ShoppingCart/Silo/Orleans.ShoppingCart.Silo.csproj" />
  </Folder>
  <Folder Name="/Streaming/">
    <Project Path="Streaming/Common/Common.csproj" />
  </Folder>
  <Folder Name="/Streaming/CustomDataAdapter/">
    <Project Path="Streaming/CustomDataAdapter/GrainInterfaces/GrainInterfaces.csproj" />
    <Project Path="Streaming/CustomDataAdapter/Grains/Grains.csproj" />
    <Project Path="Streaming/CustomDataAdapter/NonOrleansClient/NonOrleansClient.csproj" />
    <Project Path="Streaming/CustomDataAdapter/Silo/Silo.csproj" />
  </Folder>
  <Folder Name="/Streaming/RabbitMQ/">
    <Project Path="Streaming/RabbitMQ/RabbitMQ.AppHost/RabbitMQ.AppHost.csproj" />
    <Project Path="Streaming/RabbitMQ/RabbitMQ.Silo/RabbitMQ.Silo.csproj" />
  </Folder>
  <Folder Name="/Streaming/Simple/">
    <Project Path="Streaming/Simple/Client/Client.csproj" />
    <Project Path="Streaming/Simple/GrainInterfaces/GrainInterfaces.csproj" />
    <Project Path="Streaming/Simple/Grains/Grains.csproj" />
    <Project Path="Streaming/Simple/SiloHost/SiloHost.csproj" />
  </Folder>
  <Folder Name="/TransportLayerSecurity/">
    <Project Path="TransportLayerSecurity/TLS.Client/TLS.Client.csproj" />
    <Project Path="TransportLayerSecurity/TLS.Contracts/TLS.Contracts.csproj" />
    <Project Path="TransportLayerSecurity/TLS.Server/TLS.Server.csproj" />
  </Folder>
  <Folder Name="/VBHelloWorld/">
    <Project Path="VBHelloWorld/HelloWorld/HelloWorld.csproj" />
    <Project Path="VBHelloWorld/Interfaces/Interfaces.vbproj" />
    <Project Path="VBHelloWorld/VBGrains/VBGrains.vbproj" />
  </Folder>
  <Project Path="GoogleFirestore/Firestore.csproj" />
  <Project Path="HelloWorld/HelloWorld.csproj" />
  <Project Path="JournalingAzureBlobJson/JournalingAzureBlobJson.AppHost/JournalingAzureBlobJson.AppHost.csproj" />
  <Project Path="JournalingAzureBlobJson/JournalingAzureBlobJson/JournalingAzureBlobJson.csproj" />
  <Project Path="Stocks/Stocks.csproj" />
  <Project Path="TicTacToe/TicTacToe.csproj" />
  <Project Path="Voting/Voting.csproj" />
</Solution>
