
Microsoft Visual Studio Solution File, Format Version 12.00
# Visual Studio 2013
VisualStudioVersion = 12.0.31101.0
MinimumVisualStudioVersion = 10.0.40219.1
Project("{FAE04EC0-301F-11D3-BF4B-00C04F79EFBC}") = "TwitterGrainInterfaces", "TwitterGrainInterfaces\TwitterGrainInterfaces.csproj", "{9CE33584-C97E-4059-9973-73BB396112A9}"
EndProject
Project("{FAE04EC0-301F-11D3-BF4B-00C04F79EFBC}") = "TwitterGrains", "TwitterGrains\TwitterGrains.csproj", "{32690C70-72AF-4C96-864F-A6D266898EC0}"
EndProject
Project("{FAE04EC0-301F-11D3-BF4B-00C04F79EFBC}") = "TwitterWebApplication", "TwitterWebApplication\TwitterWebApplication.csproj", "{AD6F3781-83C1-4563-B3B0-ED6EAEAF6F2B}"
EndProject
Project("{9092AA53-FB77-4645-B42D-1CCCA6BD08BD}") = "TwitterClient", "TwitterClient\TwitterClient.njsproj", "{379FC5D7-C70C-4414-AB28-3167CA48C76C}"
EndProject
Project("{2150E333-8FDC-42A3-9474-1A3956D46DE8}") = "Solution Items", "Solution Items", "{F3B01B56-F36F-41E6-BA3C-51BF6C7A03F3}"
	ProjectSection(SolutionItems) = preProject
		ReadMe.md = ReadMe.md
	EndProjectSection
EndProject
Project("{FAE04EC0-301F-11D3-BF4B-00C04F79EFBC}") = "Host", "Host\Host.csproj", "{89B2B5BD-49AB-43D9-9269-04A799831C98}"
EndProject
Global
	GlobalSection(SolutionConfigurationPlatforms) = preSolution
		Debug|Any CPU = Debug|Any CPU
		Release|Any CPU = Release|Any CPU
	EndGlobalSection
	GlobalSection(ProjectConfigurationPlatforms) = postSolution
		{9CE33584-C97E-4059-9973-73BB396112A9}.Debug|Any CPU.ActiveCfg = Debug|Any CPU
		{9CE33584-C97E-4059-9973-73BB396112A9}.Debug|Any CPU.Build.0 = Debug|Any CPU
		{9CE33584-C97E-4059-9973-73BB396112A9}.Release|Any CPU.ActiveCfg = Release|Any CPU
		{9CE33584-C97E-4059-9973-73BB396112A9}.Release|Any CPU.Build.0 = Release|Any CPU
		{32690C70-72AF-4C96-864F-A6D266898EC0}.Debug|Any CPU.ActiveCfg = Debug|Any CPU
		{32690C70-72AF-4C96-864F-A6D266898EC0}.Debug|Any CPU.Build.0 = Debug|Any CPU
		{32690C70-72AF-4C96-864F-A6D266898EC0}.Release|Any CPU.ActiveCfg = Release|Any CPU
		{32690C70-72AF-4C96-864F-A6D266898EC0}.Release|Any CPU.Build.0 = Release|Any CPU
		{AD6F3781-83C1-4563-B3B0-ED6EAEAF6F2B}.Debug|Any CPU.ActiveCfg = Debug|Any CPU
		{AD6F3781-83C1-4563-B3B0-ED6EAEAF6F2B}.Debug|Any CPU.Build.0 = Debug|Any CPU
		{AD6F3781-83C1-4563-B3B0-ED6EAEAF6F2B}.Release|Any CPU.ActiveCfg = Release|Any CPU
		{AD6F3781-83C1-4563-B3B0-ED6EAEAF6F2B}.Release|Any CPU.Build.0 = Release|Any CPU
		{379FC5D7-C70C-4414-AB28-3167CA48C76C}.Debug|Any CPU.ActiveCfg = Debug|Any CPU
		{379FC5D7-C70C-4414-AB28-3167CA48C76C}.Debug|Any CPU.Build.0 = Debug|Any CPU
		{379FC5D7-C70C-4414-AB28-3167CA48C76C}.Release|Any CPU.ActiveCfg = Release|Any CPU
		{379FC5D7-C70C-4414-AB28-3167CA48C76C}.Release|Any CPU.Build.0 = Release|Any CPU
		{89B2B5BD-49AB-43D9-9269-04A799831C98}.Debug|Any CPU.ActiveCfg = Debug|Any CPU
		{89B2B5BD-49AB-43D9-9269-04A799831C98}.Debug|Any CPU.Build.0 = Debug|Any CPU
		{89B2B5BD-49AB-43D9-9269-04A799831C98}.Release|Any CPU.ActiveCfg = Release|Any CPU
		{89B2B5BD-49AB-43D9-9269-04A799831C98}.Release|Any CPU.Build.0 = Release|Any CPU
	EndGlobalSection
	GlobalSection(SolutionProperties) = preSolution
		HideSolutionNode = FALSE
	EndGlobalSection
EndGlobal
