
Microsoft Visual Studio Solution File, Format Version 12.00
# Visual Studio Version 16
VisualStudioVersion = 16.0.30114.105
MinimumVisualStudioVersion = 10.0.40219.1
Project("{9A19103F-16F7-4668-BE54-9A1E7A4F7556}") = "BlazorWasm.Client", "BlazorWasm.Client\BlazorWasm.Client.csproj", "{1A6A3274-2F91-4769-977D-14A31D3251A5}"
EndProject
Project("{9A19103F-16F7-4668-BE54-9A1E7A4F7556}") = "BlazorWasm.Server", "BlazorWasm.Server\BlazorWasm.Server.csproj", "{4DAE1EA8-4192-4E72-BA32-85F0E3EDE92C}"
EndProject
Project("{2150E333-8FDC-42A3-9474-1A3956D46DE8}") = "Solution Items", "Solution Items", "{5ECAD6E3-565B-4027-802F-2395FE46AD82}"
	ProjectSection(SolutionItems) = preProject
		README.md = README.md
	EndProjectSection
EndProject
Global
	GlobalSection(SolutionConfigurationPlatforms) = preSolution
		Debug|Any CPU = Debug|Any CPU
		Debug|x64 = Debug|x64
		Debug|x86 = Debug|x86
		Release|Any CPU = Release|Any CPU
		Release|x64 = Release|x64
		Release|x86 = Release|x86
	EndGlobalSection
	GlobalSection(ProjectConfigurationPlatforms) = postSolution
		{1A6A3274-2F91-4769-977D-14A31D3251A5}.Debug|Any CPU.ActiveCfg = Debug|Any CPU
		{1A6A3274-2F91-4769-977D-14A31D3251A5}.Debug|Any CPU.Build.0 = Debug|Any CPU
		{1A6A3274-2F91-4769-977D-14A31D3251A5}.Debug|x64.ActiveCfg = Debug|Any CPU
		{1A6A3274-2F91-4769-977D-14A31D3251A5}.Debug|x64.Build.0 = Debug|Any CPU
		{1A6A3274-2F91-4769-977D-14A31D3251A5}.Debug|x86.ActiveCfg = Debug|Any CPU
		{1A6A3274-2F91-4769-977D-14A31D3251A5}.Debug|x86.Build.0 = Debug|Any CPU
		{1A6A3274-2F91-4769-977D-14A31D3251A5}.Release|Any CPU.ActiveCfg = Release|Any CPU
		{1A6A3274-2F91-4769-977D-14A31D3251A5}.Release|Any CPU.Build.0 = Release|Any CPU
		{1A6A3274-2F91-4769-977D-14A31D3251A5}.Release|x64.ActiveCfg = Release|Any CPU
		{1A6A3274-2F91-4769-977D-14A31D3251A5}.Release|x64.Build.0 = Release|Any CPU
		{1A6A3274-2F91-4769-977D-14A31D3251A5}.Release|x86.ActiveCfg = Release|Any CPU
		{1A6A3274-2F91-4769-977D-14A31D3251A5}.Release|x86.Build.0 = Release|Any CPU
		{4DAE1EA8-4192-4E72-BA32-85F0E3EDE92C}.Debug|Any CPU.ActiveCfg = Debug|Any CPU
		{4DAE1EA8-4192-4E72-BA32-85F0E3EDE92C}.Debug|Any CPU.Build.0 = Debug|Any CPU
		{4DAE1EA8-4192-4E72-BA32-85F0E3EDE92C}.Debug|x64.ActiveCfg = Debug|Any CPU
		{4DAE1EA8-4192-4E72-BA32-85F0E3EDE92C}.Debug|x64.Build.0 = Debug|Any CPU
		{4DAE1EA8-4192-4E72-BA32-85F0E3EDE92C}.Debug|x86.ActiveCfg = Debug|Any CPU
		{4DAE1EA8-4192-4E72-BA32-85F0E3EDE92C}.Debug|x86.Build.0 = Debug|Any CPU
		{4DAE1EA8-4192-4E72-BA32-85F0E3EDE92C}.Release|Any CPU.ActiveCfg = Release|Any CPU
		{4DAE1EA8-4192-4E72-BA32-85F0E3EDE92C}.Release|Any CPU.Build.0 = Release|Any CPU
		{4DAE1EA8-4192-4E72-BA32-85F0E3EDE92C}.Release|x64.ActiveCfg = Release|Any CPU
		{4DAE1EA8-4192-4E72-BA32-85F0E3EDE92C}.Release|x64.Build.0 = Release|Any CPU
		{4DAE1EA8-4192-4E72-BA32-85F0E3EDE92C}.Release|x86.ActiveCfg = Release|Any CPU
		{4DAE1EA8-4192-4E72-BA32-85F0E3EDE92C}.Release|x86.Build.0 = Release|Any CPU
	EndGlobalSection
	GlobalSection(SolutionProperties) = preSolution
		HideSolutionNode = FALSE
	EndGlobalSection
	GlobalSection(ExtensibilityGlobals) = postSolution
		SolutionGuid = {0E993A03-AA83-4ABE-88A2-F2E48F5730D5}
	EndGlobalSection
EndGlobal
