
Microsoft Visual Studio Solution File, Format Version 12.00
# Visual Studio 14
VisualStudioVersion = 14.0.25420.1
MinimumVisualStudioVersion = 10.0.40219.1
Project("{CC5FD16D-436D-48AD-A40C-5A424C6E3E79}") = "Deployment1", "Deployment1\Deployment1.ccproj", "{492563FC-84B6-41C5-A776-394A8BBF72C6}"
EndProject
Project("{FAE04EC0-301F-11D3-BF4B-00C04F79EFBC}") = "WebRole", "WebRole\WebRole.csproj", "{313B557F-4B35-4064-BAC7-FDC47845C534}"
EndProject
Project("{2150E333-8FDC-42A3-9474-1A3956D46DE8}") = "Solution Items", "Solution Items", "{AE2BF58A-CBBF-4528-9382-15687000A891}"
	ProjectSection(SolutionItems) = preProject
		Readme.md = Readme.md
	EndProjectSection
EndProject
Project("{FAE04EC0-301F-11D3-BF4B-00C04F79EFBC}") = "HelloGeoGrains", "HelloGeoGrains\HelloGeoGrains.csproj", "{27A256FD-E8F8-46B8-997C-FA092F9C4503}"
EndProject
Project("{FAE04EC0-301F-11D3-BF4B-00C04F79EFBC}") = "HelloGeoInterfaces", "HelloGeoInterfaces\HelloGeoInterfaces.csproj", "{0B475524-90DD-4D3B-B150-C9DBF30A8346}"
EndProject
Project("{FAE04EC0-301F-11D3-BF4B-00C04F79EFBC}") = "Orleans.Silos", "Orleans.Silos\Orleans.Silos.csproj", "{B2BA54A0-378E-46C3-8ECD-02827A29F22E}"
EndProject
Project("{CC5FD16D-436D-48AD-A40C-5A424C6E3E79}") = "Deployment2", "Deployment2\Deployment2.ccproj", "{085273AE-249E-4179-AC65-457A5F07BFA8}"
EndProject
Project("{CC5FD16D-436D-48AD-A40C-5A424C6E3E79}") = "Deployment3", "Deployment3\Deployment3.ccproj", "{97B23BDB-ABF4-4924-90F9-D75CEEB9CF82}"
EndProject
Global
	GlobalSection(SolutionConfigurationPlatforms) = preSolution
		Debug|Any CPU = Debug|Any CPU
		Release|Any CPU = Release|Any CPU
	EndGlobalSection
	GlobalSection(ProjectConfigurationPlatforms) = postSolution
		{492563FC-84B6-41C5-A776-394A8BBF72C6}.Debug|Any CPU.ActiveCfg = Debug|Any CPU
		{492563FC-84B6-41C5-A776-394A8BBF72C6}.Debug|Any CPU.Build.0 = Debug|Any CPU
		{492563FC-84B6-41C5-A776-394A8BBF72C6}.Release|Any CPU.ActiveCfg = Release|Any CPU
		{492563FC-84B6-41C5-A776-394A8BBF72C6}.Release|Any CPU.Build.0 = Release|Any CPU
		{313B557F-4B35-4064-BAC7-FDC47845C534}.Debug|Any CPU.ActiveCfg = Debug|Any CPU
		{313B557F-4B35-4064-BAC7-FDC47845C534}.Debug|Any CPU.Build.0 = Debug|Any CPU
		{313B557F-4B35-4064-BAC7-FDC47845C534}.Release|Any CPU.ActiveCfg = Release|Any CPU
		{313B557F-4B35-4064-BAC7-FDC47845C534}.Release|Any CPU.Build.0 = Release|Any CPU
		{27A256FD-E8F8-46B8-997C-FA092F9C4503}.Debug|Any CPU.ActiveCfg = Debug|Any CPU
		{27A256FD-E8F8-46B8-997C-FA092F9C4503}.Debug|Any CPU.Build.0 = Debug|Any CPU
		{27A256FD-E8F8-46B8-997C-FA092F9C4503}.Release|Any CPU.ActiveCfg = Release|Any CPU
		{27A256FD-E8F8-46B8-997C-FA092F9C4503}.Release|Any CPU.Build.0 = Release|Any CPU
		{0B475524-90DD-4D3B-B150-C9DBF30A8346}.Debug|Any CPU.ActiveCfg = Debug|Any CPU
		{0B475524-90DD-4D3B-B150-C9DBF30A8346}.Debug|Any CPU.Build.0 = Debug|Any CPU
		{0B475524-90DD-4D3B-B150-C9DBF30A8346}.Release|Any CPU.ActiveCfg = Release|Any CPU
		{0B475524-90DD-4D3B-B150-C9DBF30A8346}.Release|Any CPU.Build.0 = Release|Any CPU
		{B2BA54A0-378E-46C3-8ECD-02827A29F22E}.Debug|Any CPU.ActiveCfg = Debug|Any CPU
		{B2BA54A0-378E-46C3-8ECD-02827A29F22E}.Debug|Any CPU.Build.0 = Debug|Any CPU
		{B2BA54A0-378E-46C3-8ECD-02827A29F22E}.Release|Any CPU.ActiveCfg = Release|Any CPU
		{B2BA54A0-378E-46C3-8ECD-02827A29F22E}.Release|Any CPU.Build.0 = Release|Any CPU
		{085273AE-249E-4179-AC65-457A5F07BFA8}.Debug|Any CPU.ActiveCfg = Debug|Any CPU
		{085273AE-249E-4179-AC65-457A5F07BFA8}.Debug|Any CPU.Build.0 = Debug|Any CPU
		{085273AE-249E-4179-AC65-457A5F07BFA8}.Release|Any CPU.ActiveCfg = Release|Any CPU
		{085273AE-249E-4179-AC65-457A5F07BFA8}.Release|Any CPU.Build.0 = Release|Any CPU
		{97B23BDB-ABF4-4924-90F9-D75CEEB9CF82}.Debug|Any CPU.ActiveCfg = Debug|Any CPU
		{97B23BDB-ABF4-4924-90F9-D75CEEB9CF82}.Debug|Any CPU.Build.0 = Debug|Any CPU
		{97B23BDB-ABF4-4924-90F9-D75CEEB9CF82}.Release|Any CPU.ActiveCfg = Release|Any CPU
		{97B23BDB-ABF4-4924-90F9-D75CEEB9CF82}.Release|Any CPU.Build.0 = Release|Any CPU
	EndGlobalSection
	GlobalSection(SolutionProperties) = preSolution
		HideSolutionNode = FALSE
	EndGlobalSection
EndGlobal
