
Microsoft Visual Studio Solution File, Format Version 12.00
# Visual Studio Version 16
VisualStudioVersion = 16.0.29009.5
MinimumVisualStudioVersion = 10.0.40219.1
Project("{2150E333-8FDC-42A3-9474-1A3956D46DE8}") = "Solution Items", "Solution Items", "{E9EBB47B-BE3E-44FD-B401-4F9958B21DC7}"
	ProjectSection(SolutionItems) = preProject
		.editorconfig = .editorconfig
		Directory.build.props = Directory.build.props
		global.json = global.json
		UsefulQueries.sql = UsefulQueries.sql
	EndProjectSection
EndProject
Project("{9A19103F-16F7-4668-BE54-9A1E7A4F7556}") = "OneBoxDeployment.Api", "src\OneBoxDeployment.Api\OneBoxDeployment.Api.csproj", "{408791CD-84A2-43C5-A9AE-427AD66FD617}"
EndProject
Project("{9A19103F-16F7-4668-BE54-9A1E7A4F7556}") = "OneBoxDeployment.Common", "src\OneBoxDeployment.Common\OneBoxDeployment.Common.csproj", "{397D04B4-1F63-435C-BAEE-72E6425149A0}"
EndProject
Project("{9A19103F-16F7-4668-BE54-9A1E7A4F7556}") = "OneBoxDeployment.OrleansHost", "src\OneBoxDeployment.OrleansHost\OneBoxDeployment.OrleansHost.csproj", "{523CE7EB-2B27-49BC-B836-9F2945CDCA6A}"
EndProject
Project("{9A19103F-16F7-4668-BE54-9A1E7A4F7556}") = "OneBoxDeployment.Grains", "src\OneBoxDeployment.Grains\OneBoxDeployment.Grains.csproj", "{84FA2F3A-F634-46A4-A01B-95EE9B05747C}"
EndProject
Project("{9A19103F-16F7-4668-BE54-9A1E7A4F7556}") = "OneBoxDeployment.GrainInterfaces", "src\OneBoxDeployment.GrainInterfaces\OneBoxDeployment.GrainInterfaces.csproj", "{E266137D-E945-4DF0-A35B-DE55B92D4E83}"
EndProject
Project("{9A19103F-16F7-4668-BE54-9A1E7A4F7556}") = "OneBoxDeployment.OrleansUtilities", "src\OneBoxDeployment.OrleansUtilities\OneBoxDeployment.OrleansUtilities.csproj", "{FA023068-3E3D-4C82-B362-3D612359820E}"
EndProject
Project("{00D1A9C2-B5F0-4AF3-8072-F6C62B433612}") = "OneBoxDeployment.Database", "src\OneBoxDeployment.Database\OneBoxDeployment.Database.sqlproj", "{44FC82AF-67C5-44A4-9FBB-84A48DEC40CD}"
EndProject
Project("{9A19103F-16F7-4668-BE54-9A1E7A4F7556}") = "OneBoxDeployment.Utilities", "src\OneBoxDeployment.Utilities\OneBoxDeployment.Utilities.csproj", "{819E0257-2380-456D-8FC1-032D652844B8}"
EndProject
Project("{9A19103F-16F7-4668-BE54-9A1E7A4F7556}") = "OneBoxDeployment.IntegrationTests", "test\OneBoxDeployment.IntegrationTests\OneBoxDeployment.IntegrationTests.csproj", "{78CC33FC-8C7F-4046-BCDD-8F1054170C6A}"
EndProject
Global
	GlobalSection(SolutionConfigurationPlatforms) = preSolution
		Debug|Any CPU = Debug|Any CPU
		Production|Any CPU = Production|Any CPU
		Release|Any CPU = Release|Any CPU
	EndGlobalSection
	GlobalSection(ProjectConfigurationPlatforms) = postSolution
		{408791CD-84A2-43C5-A9AE-427AD66FD617}.Debug|Any CPU.ActiveCfg = Debug|Any CPU
		{408791CD-84A2-43C5-A9AE-427AD66FD617}.Debug|Any CPU.Build.0 = Debug|Any CPU
		{408791CD-84A2-43C5-A9AE-427AD66FD617}.Production|Any CPU.ActiveCfg = Production|Any CPU
		{408791CD-84A2-43C5-A9AE-427AD66FD617}.Production|Any CPU.Build.0 = Production|Any CPU
		{408791CD-84A2-43C5-A9AE-427AD66FD617}.Release|Any CPU.ActiveCfg = Release|Any CPU
		{408791CD-84A2-43C5-A9AE-427AD66FD617}.Release|Any CPU.Build.0 = Release|Any CPU
		{397D04B4-1F63-435C-BAEE-72E6425149A0}.Debug|Any CPU.ActiveCfg = Debug|Any CPU
		{397D04B4-1F63-435C-BAEE-72E6425149A0}.Debug|Any CPU.Build.0 = Debug|Any CPU
		{397D04B4-1F63-435C-BAEE-72E6425149A0}.Production|Any CPU.ActiveCfg = Release|Any CPU
		{397D04B4-1F63-435C-BAEE-72E6425149A0}.Production|Any CPU.Build.0 = Release|Any CPU
		{397D04B4-1F63-435C-BAEE-72E6425149A0}.Release|Any CPU.ActiveCfg = Release|Any CPU
		{397D04B4-1F63-435C-BAEE-72E6425149A0}.Release|Any CPU.Build.0 = Release|Any CPU
		{523CE7EB-2B27-49BC-B836-9F2945CDCA6A}.Debug|Any CPU.ActiveCfg = Debug|Any CPU
		{523CE7EB-2B27-49BC-B836-9F2945CDCA6A}.Debug|Any CPU.Build.0 = Debug|Any CPU
		{523CE7EB-2B27-49BC-B836-9F2945CDCA6A}.Production|Any CPU.ActiveCfg = Debug|Any CPU
		{523CE7EB-2B27-49BC-B836-9F2945CDCA6A}.Production|Any CPU.Build.0 = Debug|Any CPU
		{523CE7EB-2B27-49BC-B836-9F2945CDCA6A}.Release|Any CPU.ActiveCfg = Release|Any CPU
		{523CE7EB-2B27-49BC-B836-9F2945CDCA6A}.Release|Any CPU.Build.0 = Release|Any CPU
		{84FA2F3A-F634-46A4-A01B-95EE9B05747C}.Debug|Any CPU.ActiveCfg = Debug|Any CPU
		{84FA2F3A-F634-46A4-A01B-95EE9B05747C}.Debug|Any CPU.Build.0 = Debug|Any CPU
		{84FA2F3A-F634-46A4-A01B-95EE9B05747C}.Production|Any CPU.ActiveCfg = Debug|Any CPU
		{84FA2F3A-F634-46A4-A01B-95EE9B05747C}.Production|Any CPU.Build.0 = Debug|Any CPU
		{84FA2F3A-F634-46A4-A01B-95EE9B05747C}.Release|Any CPU.ActiveCfg = Release|Any CPU
		{84FA2F3A-F634-46A4-A01B-95EE9B05747C}.Release|Any CPU.Build.0 = Release|Any CPU
		{E266137D-E945-4DF0-A35B-DE55B92D4E83}.Debug|Any CPU.ActiveCfg = Debug|Any CPU
		{E266137D-E945-4DF0-A35B-DE55B92D4E83}.Debug|Any CPU.Build.0 = Debug|Any CPU
		{E266137D-E945-4DF0-A35B-DE55B92D4E83}.Production|Any CPU.ActiveCfg = Debug|Any CPU
		{E266137D-E945-4DF0-A35B-DE55B92D4E83}.Production|Any CPU.Build.0 = Debug|Any CPU
		{E266137D-E945-4DF0-A35B-DE55B92D4E83}.Release|Any CPU.ActiveCfg = Release|Any CPU
		{E266137D-E945-4DF0-A35B-DE55B92D4E83}.Release|Any CPU.Build.0 = Release|Any CPU
		{FA023068-3E3D-4C82-B362-3D612359820E}.Debug|Any CPU.ActiveCfg = Debug|Any CPU
		{FA023068-3E3D-4C82-B362-3D612359820E}.Debug|Any CPU.Build.0 = Debug|Any CPU
		{FA023068-3E3D-4C82-B362-3D612359820E}.Production|Any CPU.ActiveCfg = Debug|Any CPU
		{FA023068-3E3D-4C82-B362-3D612359820E}.Production|Any CPU.Build.0 = Debug|Any CPU
		{FA023068-3E3D-4C82-B362-3D612359820E}.Release|Any CPU.ActiveCfg = Release|Any CPU
		{FA023068-3E3D-4C82-B362-3D612359820E}.Release|Any CPU.Build.0 = Release|Any CPU
		{44FC82AF-67C5-44A4-9FBB-84A48DEC40CD}.Debug|Any CPU.ActiveCfg = Debug|Any CPU
		{44FC82AF-67C5-44A4-9FBB-84A48DEC40CD}.Debug|Any CPU.Build.0 = Debug|Any CPU
		{44FC82AF-67C5-44A4-9FBB-84A48DEC40CD}.Debug|Any CPU.Deploy.0 = Debug|Any CPU
		{44FC82AF-67C5-44A4-9FBB-84A48DEC40CD}.Production|Any CPU.ActiveCfg = Debug|Any CPU
		{44FC82AF-67C5-44A4-9FBB-84A48DEC40CD}.Production|Any CPU.Build.0 = Debug|Any CPU
		{44FC82AF-67C5-44A4-9FBB-84A48DEC40CD}.Production|Any CPU.Deploy.0 = Debug|Any CPU
		{44FC82AF-67C5-44A4-9FBB-84A48DEC40CD}.Release|Any CPU.ActiveCfg = Release|Any CPU
		{44FC82AF-67C5-44A4-9FBB-84A48DEC40CD}.Release|Any CPU.Build.0 = Release|Any CPU
		{44FC82AF-67C5-44A4-9FBB-84A48DEC40CD}.Release|Any CPU.Deploy.0 = Release|Any CPU
		{819E0257-2380-456D-8FC1-032D652844B8}.Debug|Any CPU.ActiveCfg = Debug|Any CPU
		{819E0257-2380-456D-8FC1-032D652844B8}.Debug|Any CPU.Build.0 = Debug|Any CPU
		{819E0257-2380-456D-8FC1-032D652844B8}.Production|Any CPU.ActiveCfg = Production|Any CPU
		{819E0257-2380-456D-8FC1-032D652844B8}.Production|Any CPU.Build.0 = Production|Any CPU
		{819E0257-2380-456D-8FC1-032D652844B8}.Release|Any CPU.ActiveCfg = Release|Any CPU
		{819E0257-2380-456D-8FC1-032D652844B8}.Release|Any CPU.Build.0 = Release|Any CPU
		{78CC33FC-8C7F-4046-BCDD-8F1054170C6A}.Debug|Any CPU.ActiveCfg = Debug|Any CPU
		{78CC33FC-8C7F-4046-BCDD-8F1054170C6A}.Debug|Any CPU.Build.0 = Debug|Any CPU
		{78CC33FC-8C7F-4046-BCDD-8F1054170C6A}.Production|Any CPU.ActiveCfg = Production|Any CPU
		{78CC33FC-8C7F-4046-BCDD-8F1054170C6A}.Production|Any CPU.Build.0 = Production|Any CPU
		{78CC33FC-8C7F-4046-BCDD-8F1054170C6A}.Release|Any CPU.ActiveCfg = Release|Any CPU
		{78CC33FC-8C7F-4046-BCDD-8F1054170C6A}.Release|Any CPU.Build.0 = Release|Any CPU
	EndGlobalSection
	GlobalSection(SolutionProperties) = preSolution
		HideSolutionNode = FALSE
	EndGlobalSection
	GlobalSection(ExtensibilityGlobals) = postSolution
		SolutionGuid = {3AB4FEB5-13E4-4A57-88F9-E9C8177E8096}
	EndGlobalSection
EndGlobal
