
Microsoft Visual Studio Solution File, Format Version 12.00
# Visual Studio 15
VisualStudioVersion = 15.0.26020.0
MinimumVisualStudioVersion = 10.0.40219.1
Project("{9A19103F-16F7-4668-BE54-9A1E7A4F7556}") = "AdventureClient", "AdventureClient\AdventureClient.csproj", "{99EAFAD7-410F-4104-8C64-DAFC3B37DC01}"
EndProject
Project("{9A19103F-16F7-4668-BE54-9A1E7A4F7556}") = "AdventureGrainInterfaces", "AdventureGrainInterfaces\AdventureGrainInterfaces.csproj", "{99C233A4-10B8-4E33-9EA8-05E64A530806}"
EndProject
Project("{9A19103F-16F7-4668-BE54-9A1E7A4F7556}") = "AdventureGrains", "AdventureGrains\AdventureGrains.csproj", "{7DE5F0B3-050E-4741-8ACB-E525C7006A6F}"
EndProject
Project("{9A19103F-16F7-4668-BE54-9A1E7A4F7556}") = "AdventureSetup", "AdventureSetup\AdventureSetup.csproj", "{527D244F-ECFB-43C3-987F-2F5A259328A8}"
EndProject
Global
	GlobalSection(SolutionConfigurationPlatforms) = preSolution
		Debug|Any CPU = Debug|Any CPU
		Debug|x64 = Debug|x64
		Debug|x86 = Debug|x86
		Release|Any CPU = Release|Any CPU
		Release|x64 = Release|x64
		Release|x86 = Release|x86
	EndGlobalSection
	GlobalSection(ProjectConfigurationPlatforms) = postSolution
		{99EAFAD7-410F-4104-8C64-DAFC3B37DC01}.Debug|Any CPU.ActiveCfg = Debug|Any CPU
		{99EAFAD7-410F-4104-8C64-DAFC3B37DC01}.Debug|Any CPU.Build.0 = Debug|Any CPU
		{99EAFAD7-410F-4104-8C64-DAFC3B37DC01}.Debug|x64.ActiveCfg = Debug|x64
		{99EAFAD7-410F-4104-8C64-DAFC3B37DC01}.Debug|x64.Build.0 = Debug|x64
		{99EAFAD7-410F-4104-8C64-DAFC3B37DC01}.Debug|x86.ActiveCfg = Debug|x86
		{99EAFAD7-410F-4104-8C64-DAFC3B37DC01}.Debug|x86.Build.0 = Debug|x86
		{99EAFAD7-410F-4104-8C64-DAFC3B37DC01}.Release|Any CPU.ActiveCfg = Release|Any CPU
		{99EAFAD7-410F-4104-8C64-DAFC3B37DC01}.Release|Any CPU.Build.0 = Release|Any CPU
		{99EAFAD7-410F-4104-8C64-DAFC3B37DC01}.Release|x64.ActiveCfg = Release|x64
		{99EAFAD7-410F-4104-8C64-DAFC3B37DC01}.Release|x64.Build.0 = Release|x64
		{99EAFAD7-410F-4104-8C64-DAFC3B37DC01}.Release|x86.ActiveCfg = Release|x86
		{99EAFAD7-410F-4104-8C64-DAFC3B37DC01}.Release|x86.Build.0 = Release|x86
		{99C233A4-10B8-4E33-9EA8-05E64A530806}.Debug|Any CPU.ActiveCfg = Debug|Any CPU
		{99C233A4-10B8-4E33-9EA8-05E64A530806}.Debug|Any CPU.Build.0 = Debug|Any CPU
		{99C233A4-10B8-4E33-9EA8-05E64A530806}.Debug|x64.ActiveCfg = Debug|x64
		{99C233A4-10B8-4E33-9EA8-05E64A530806}.Debug|x64.Build.0 = Debug|x64
		{99C233A4-10B8-4E33-9EA8-05E64A530806}.Debug|x86.ActiveCfg = Debug|x86
		{99C233A4-10B8-4E33-9EA8-05E64A530806}.Debug|x86.Build.0 = Debug|x86
		{99C233A4-10B8-4E33-9EA8-05E64A530806}.Release|Any CPU.ActiveCfg = Release|Any CPU
		{99C233A4-10B8-4E33-9EA8-05E64A530806}.Release|Any CPU.Build.0 = Release|Any CPU
		{99C233A4-10B8-4E33-9EA8-05E64A530806}.Release|x64.ActiveCfg = Release|x64
		{99C233A4-10B8-4E33-9EA8-05E64A530806}.Release|x64.Build.0 = Release|x64
		{99C233A4-10B8-4E33-9EA8-05E64A530806}.Release|x86.ActiveCfg = Release|x86
		{99C233A4-10B8-4E33-9EA8-05E64A530806}.Release|x86.Build.0 = Release|x86
		{7DE5F0B3-050E-4741-8ACB-E525C7006A6F}.Debug|Any CPU.ActiveCfg = Debug|Any CPU
		{7DE5F0B3-050E-4741-8ACB-E525C7006A6F}.Debug|Any CPU.Build.0 = Debug|Any CPU
		{7DE5F0B3-050E-4741-8ACB-E525C7006A6F}.Debug|x64.ActiveCfg = Debug|x64
		{7DE5F0B3-050E-4741-8ACB-E525C7006A6F}.Debug|x64.Build.0 = Debug|x64
		{7DE5F0B3-050E-4741-8ACB-E525C7006A6F}.Debug|x86.ActiveCfg = Debug|x86
		{7DE5F0B3-050E-4741-8ACB-E525C7006A6F}.Debug|x86.Build.0 = Debug|x86
		{7DE5F0B3-050E-4741-8ACB-E525C7006A6F}.Release|Any CPU.ActiveCfg = Release|Any CPU
		{7DE5F0B3-050E-4741-8ACB-E525C7006A6F}.Release|Any CPU.Build.0 = Release|Any CPU
		{7DE5F0B3-050E-4741-8ACB-E525C7006A6F}.Release|x64.ActiveCfg = Release|x64
		{7DE5F0B3-050E-4741-8ACB-E525C7006A6F}.Release|x64.Build.0 = Release|x64
		{7DE5F0B3-050E-4741-8ACB-E525C7006A6F}.Release|x86.ActiveCfg = Release|x86
		{7DE5F0B3-050E-4741-8ACB-E525C7006A6F}.Release|x86.Build.0 = Release|x86
		{527D244F-ECFB-43C3-987F-2F5A259328A8}.Debug|Any CPU.ActiveCfg = Debug|Any CPU
		{527D244F-ECFB-43C3-987F-2F5A259328A8}.Debug|Any CPU.Build.0 = Debug|Any CPU
		{527D244F-ECFB-43C3-987F-2F5A259328A8}.Debug|x64.ActiveCfg = Debug|x64
		{527D244F-ECFB-43C3-987F-2F5A259328A8}.Debug|x64.Build.0 = Debug|x64
		{527D244F-ECFB-43C3-987F-2F5A259328A8}.Debug|x86.ActiveCfg = Debug|x86
		{527D244F-ECFB-43C3-987F-2F5A259328A8}.Debug|x86.Build.0 = Debug|x86
		{527D244F-ECFB-43C3-987F-2F5A259328A8}.Release|Any CPU.ActiveCfg = Release|Any CPU
		{527D244F-ECFB-43C3-987F-2F5A259328A8}.Release|Any CPU.Build.0 = Release|Any CPU
		{527D244F-ECFB-43C3-987F-2F5A259328A8}.Release|x64.ActiveCfg = Release|x64
		{527D244F-ECFB-43C3-987F-2F5A259328A8}.Release|x64.Build.0 = Release|x64
		{527D244F-ECFB-43C3-987F-2F5A259328A8}.Release|x86.ActiveCfg = Release|x86
		{527D244F-ECFB-43C3-987F-2F5A259328A8}.Release|x86.Build.0 = Release|x86
	EndGlobalSection
	GlobalSection(SolutionProperties) = preSolution
		HideSolutionNode = FALSE
	EndGlobalSection
EndGlobal
