
Microsoft Visual Studio Solution File, Format Version 12.00
# Visual Studio 2013
VisualStudioVersion = 12.0.31101.0
MinimumVisualStudioVersion = 10.0.40219.1
Project("{FAE04EC0-301F-11D3-BF4B-00C04F79EFBC}") = "GPSTracker.Common", "GPSTracker.Common\GPSTracker.Common.csproj", "{CAFE7FBB-A2E1-43E2-BA7D-725AF8873558}"
EndProject
Project("{FAE04EC0-301F-11D3-BF4B-00C04F79EFBC}") = "GPSTracker.FakeDeviceGateway", "GPSTracker.FakeDeviceGateway\GPSTracker.FakeDeviceGateway.csproj", "{D2E064B6-9A9C-4611-8749-F694E04A4E3B}"
EndProject
Project("{FAE04EC0-301F-11D3-BF4B-00C04F79EFBC}") = "GPSTracker.GrainImplementation", "GPSTracker.GrainImplementation\GPSTracker.GrainImplementation.csproj", "{43F6056B-CB24-4A1D-BBE2-5543FC00131D}"
EndProject
Project("{FAE04EC0-301F-11D3-BF4B-00C04F79EFBC}") = "GPSTracker.GrainInterface", "GPSTracker.GrainInterface\GPSTracker.GrainInterface.csproj", "{B522A419-E2A5-4003-9CBF-91535BEBA1D3}"
EndProject
Project("{FAE04EC0-301F-11D3-BF4B-00C04F79EFBC}") = "GPSTracker.Web", "GPSTracker.Web\GPSTracker.Web.csproj", "{3E64342D-03D4-4C95-87BE-F65A08AE8EBF}"
EndProject
Project("{FAE04EC0-301F-11D3-BF4B-00C04F79EFBC}") = "Host", "Host\Host.csproj", "{B3ECE7C7-E076-4868-B6E1-9AFD16F8FA1F}"
EndProject
Global
	GlobalSection(SolutionConfigurationPlatforms) = preSolution
		Debug|Any CPU = Debug|Any CPU
		Release|Any CPU = Release|Any CPU
	EndGlobalSection
	GlobalSection(ProjectConfigurationPlatforms) = postSolution
		{CAFE7FBB-A2E1-43E2-BA7D-725AF8873558}.Debug|Any CPU.ActiveCfg = Debug|Any CPU
		{CAFE7FBB-A2E1-43E2-BA7D-725AF8873558}.Debug|Any CPU.Build.0 = Debug|Any CPU
		{CAFE7FBB-A2E1-43E2-BA7D-725AF8873558}.Release|Any CPU.ActiveCfg = Release|Any CPU
		{CAFE7FBB-A2E1-43E2-BA7D-725AF8873558}.Release|Any CPU.Build.0 = Release|Any CPU
		{D2E064B6-9A9C-4611-8749-F694E04A4E3B}.Debug|Any CPU.ActiveCfg = Debug|Any CPU
		{D2E064B6-9A9C-4611-8749-F694E04A4E3B}.Debug|Any CPU.Build.0 = Debug|Any CPU
		{D2E064B6-9A9C-4611-8749-F694E04A4E3B}.Release|Any CPU.ActiveCfg = Release|Any CPU
		{D2E064B6-9A9C-4611-8749-F694E04A4E3B}.Release|Any CPU.Build.0 = Release|Any CPU
		{43F6056B-CB24-4A1D-BBE2-5543FC00131D}.Debug|Any CPU.ActiveCfg = Debug|Any CPU
		{43F6056B-CB24-4A1D-BBE2-5543FC00131D}.Debug|Any CPU.Build.0 = Debug|Any CPU
		{43F6056B-CB24-4A1D-BBE2-5543FC00131D}.Release|Any CPU.ActiveCfg = Release|Any CPU
		{43F6056B-CB24-4A1D-BBE2-5543FC00131D}.Release|Any CPU.Build.0 = Release|Any CPU
		{B522A419-E2A5-4003-9CBF-91535BEBA1D3}.Debug|Any CPU.ActiveCfg = Debug|Any CPU
		{B522A419-E2A5-4003-9CBF-91535BEBA1D3}.Debug|Any CPU.Build.0 = Debug|Any CPU
		{B522A419-E2A5-4003-9CBF-91535BEBA1D3}.Release|Any CPU.ActiveCfg = Release|Any CPU
		{B522A419-E2A5-4003-9CBF-91535BEBA1D3}.Release|Any CPU.Build.0 = Release|Any CPU
		{3E64342D-03D4-4C95-87BE-F65A08AE8EBF}.Debug|Any CPU.ActiveCfg = Debug|Any CPU
		{3E64342D-03D4-4C95-87BE-F65A08AE8EBF}.Debug|Any CPU.Build.0 = Debug|Any CPU
		{3E64342D-03D4-4C95-87BE-F65A08AE8EBF}.Release|Any CPU.ActiveCfg = Release|Any CPU
		{3E64342D-03D4-4C95-87BE-F65A08AE8EBF}.Release|Any CPU.Build.0 = Release|Any CPU
		{B3ECE7C7-E076-4868-B6E1-9AFD16F8FA1F}.Debug|Any CPU.ActiveCfg = Debug|Any CPU
		{B3ECE7C7-E076-4868-B6E1-9AFD16F8FA1F}.Debug|Any CPU.Build.0 = Debug|Any CPU
		{B3ECE7C7-E076-4868-B6E1-9AFD16F8FA1F}.Release|Any CPU.ActiveCfg = Release|Any CPU
		{B3ECE7C7-E076-4868-B6E1-9AFD16F8FA1F}.Release|Any CPU.Build.0 = Release|Any CPU
	EndGlobalSection
	GlobalSection(SolutionProperties) = preSolution
		HideSolutionNode = FALSE
	EndGlobalSection
EndGlobal
