
Microsoft Visual Studio Solution File, Format Version 12.00
# Visual Studio 15
VisualStudioVersion = 15.0.27428.2015
MinimumVisualStudioVersion = 10.0.40219.1
Project("{CC5FD16D-436D-48AD-A40C-5A424C6E3E79}") = "AzureWorkerRoleSample", "AzureWorkerRoleSample\AzureWorkerRoleSample.ccproj", "{03C5BFA8-5AD1-4582-8BC8-883F5334A2FF}"
EndProject
Project("{FAE04EC0-301F-11D3-BF4B-00C04F79EFBC}") = "Silo", "Silo\Silo.csproj", "{A46EB682-D405-4960-87F1-97D454BB39BD}"
EndProject
Project("{FAE04EC0-301F-11D3-BF4B-00C04F79EFBC}") = "AzureWorker.Grains", "Grains\AzureWorker.Grains.csproj", "{4E197BF1-CF6F-41E3-9A27-35ECACC28625}"
EndProject
Project("{FAE04EC0-301F-11D3-BF4B-00C04F79EFBC}") = "AzureWorker.Interfaces", "Interfaces\AzureWorker.Interfaces.csproj", "{0F19DE1F-6D9F-4427-85C4-73C59929DECC}"
EndProject
Project("{FAE04EC0-301F-11D3-BF4B-00C04F79EFBC}") = "OrleansClient", "OrleansClient\OrleansClient.csproj", "{E72AE6C4-A487-4BF4-90AF-FF756435C288}"
EndProject
Global
	GlobalSection(SolutionConfigurationPlatforms) = preSolution
		Debug|Any CPU = Debug|Any CPU
		Release|Any CPU = Release|Any CPU
	EndGlobalSection
	GlobalSection(ProjectConfigurationPlatforms) = postSolution
		{03C5BFA8-5AD1-4582-8BC8-883F5334A2FF}.Debug|Any CPU.ActiveCfg = Debug|Any CPU
		{03C5BFA8-5AD1-4582-8BC8-883F5334A2FF}.Debug|Any CPU.Build.0 = Debug|Any CPU
		{03C5BFA8-5AD1-4582-8BC8-883F5334A2FF}.Release|Any CPU.ActiveCfg = Release|Any CPU
		{03C5BFA8-5AD1-4582-8BC8-883F5334A2FF}.Release|Any CPU.Build.0 = Release|Any CPU
		{A46EB682-D405-4960-87F1-97D454BB39BD}.Debug|Any CPU.ActiveCfg = Debug|Any CPU
		{A46EB682-D405-4960-87F1-97D454BB39BD}.Debug|Any CPU.Build.0 = Debug|Any CPU
		{A46EB682-D405-4960-87F1-97D454BB39BD}.Release|Any CPU.ActiveCfg = Release|Any CPU
		{A46EB682-D405-4960-87F1-97D454BB39BD}.Release|Any CPU.Build.0 = Release|Any CPU
		{4E197BF1-CF6F-41E3-9A27-35ECACC28625}.Debug|Any CPU.ActiveCfg = Debug|Any CPU
		{4E197BF1-CF6F-41E3-9A27-35ECACC28625}.Debug|Any CPU.Build.0 = Debug|Any CPU
		{4E197BF1-CF6F-41E3-9A27-35ECACC28625}.Release|Any CPU.ActiveCfg = Release|Any CPU
		{4E197BF1-CF6F-41E3-9A27-35ECACC28625}.Release|Any CPU.Build.0 = Release|Any CPU
		{0F19DE1F-6D9F-4427-85C4-73C59929DECC}.Debug|Any CPU.ActiveCfg = Debug|Any CPU
		{0F19DE1F-6D9F-4427-85C4-73C59929DECC}.Debug|Any CPU.Build.0 = Debug|Any CPU
		{0F19DE1F-6D9F-4427-85C4-73C59929DECC}.Release|Any CPU.ActiveCfg = Release|Any CPU
		{0F19DE1F-6D9F-4427-85C4-73C59929DECC}.Release|Any CPU.Build.0 = Release|Any CPU
		{E72AE6C4-A487-4BF4-90AF-FF756435C288}.Debug|Any CPU.ActiveCfg = Debug|Any CPU
		{E72AE6C4-A487-4BF4-90AF-FF756435C288}.Debug|Any CPU.Build.0 = Debug|Any CPU
		{E72AE6C4-A487-4BF4-90AF-FF756435C288}.Release|Any CPU.ActiveCfg = Release|Any CPU
		{E72AE6C4-A487-4BF4-90AF-FF756435C288}.Release|Any CPU.Build.0 = Release|Any CPU
	EndGlobalSection
	GlobalSection(SolutionProperties) = preSolution
		HideSolutionNode = FALSE
	EndGlobalSection
	GlobalSection(ExtensibilityGlobals) = postSolution
		SolutionGuid = {A91F813A-8FB6-4E8B-80E3-5C2B4CC7EA44}
	EndGlobalSection
EndGlobal
