
Microsoft Visual Studio Solution File, Format Version 12.00
# Visual Studio 15
VisualStudioVersion = 15.0.27004.2005
MinimumVisualStudioVersion = 10.0.40219.1
Project("{9A19103F-16F7-4668-BE54-9A1E7A4F7556}") = "Silo", "Silo\Silo.csproj", "{90DBEBC4-1408-4865-AFC2-A636DA8DD0BD}"
EndProject
Project("{9A19103F-16F7-4668-BE54-9A1E7A4F7556}") = "Client", "Client\Client.csproj", "{33448292-A4E9-477D-86EB-181775394255}"
EndProject
Project("{9A19103F-16F7-4668-BE54-9A1E7A4F7556}") = "Grains", "Grains\Grains.csproj", "{71AD701D-B1F7-466C-966B-EBE76E0B53F5}"
EndProject
Project("{9A19103F-16F7-4668-BE54-9A1E7A4F7556}") = "GrainInterfaces", "GrainInterfaces\GrainInterfaces.csproj", "{0944B8B1-3FC7-4AFE-B1ED-C71AAB95E565}"
EndProject
Project("{2150E333-8FDC-42A3-9474-1A3956D46DE8}") = "Solution Items", "Solution Items", "{7D1B0C6A-B31B-4DB1-9480-B1D0F8CDED36}"
	ProjectSection(SolutionItems) = preProject
		Build.cmd = Build.cmd
		Build.ps1 = Build.ps1
		docker-compose.yaml = docker-compose.yaml
	EndProjectSection
EndProject
Global
	GlobalSection(SolutionConfigurationPlatforms) = preSolution
		Debug|Any CPU = Debug|Any CPU
		Release|Any CPU = Release|Any CPU
	EndGlobalSection
	GlobalSection(ProjectConfigurationPlatforms) = postSolution
		{90DBEBC4-1408-4865-AFC2-A636DA8DD0BD}.Debug|Any CPU.ActiveCfg = Debug|Any CPU
		{90DBEBC4-1408-4865-AFC2-A636DA8DD0BD}.Debug|Any CPU.Build.0 = Debug|Any CPU
		{90DBEBC4-1408-4865-AFC2-A636DA8DD0BD}.Release|Any CPU.ActiveCfg = Release|Any CPU
		{90DBEBC4-1408-4865-AFC2-A636DA8DD0BD}.Release|Any CPU.Build.0 = Release|Any CPU
		{33448292-A4E9-477D-86EB-181775394255}.Debug|Any CPU.ActiveCfg = Debug|Any CPU
		{33448292-A4E9-477D-86EB-181775394255}.Debug|Any CPU.Build.0 = Debug|Any CPU
		{33448292-A4E9-477D-86EB-181775394255}.Release|Any CPU.ActiveCfg = Release|Any CPU
		{33448292-A4E9-477D-86EB-181775394255}.Release|Any CPU.Build.0 = Release|Any CPU
		{71AD701D-B1F7-466C-966B-EBE76E0B53F5}.Debug|Any CPU.ActiveCfg = Debug|Any CPU
		{71AD701D-B1F7-466C-966B-EBE76E0B53F5}.Debug|Any CPU.Build.0 = Debug|Any CPU
		{71AD701D-B1F7-466C-966B-EBE76E0B53F5}.Release|Any CPU.ActiveCfg = Release|Any CPU
		{71AD701D-B1F7-466C-966B-EBE76E0B53F5}.Release|Any CPU.Build.0 = Release|Any CPU
		{0944B8B1-3FC7-4AFE-B1ED-C71AAB95E565}.Debug|Any CPU.ActiveCfg = Debug|Any CPU
		{0944B8B1-3FC7-4AFE-B1ED-C71AAB95E565}.Debug|Any CPU.Build.0 = Debug|Any CPU
		{0944B8B1-3FC7-4AFE-B1ED-C71AAB95E565}.Release|Any CPU.ActiveCfg = Release|Any CPU
		{0944B8B1-3FC7-4AFE-B1ED-C71AAB95E565}.Release|Any CPU.Build.0 = Release|Any CPU
	EndGlobalSection
	GlobalSection(SolutionProperties) = preSolution
		HideSolutionNode = FALSE
	EndGlobalSection
	GlobalSection(ExtensibilityGlobals) = postSolution
		SolutionGuid = {2D1FC80E-F535-40D6-97A9-75AAD3830572}
	EndGlobalSection
EndGlobal
