
Microsoft Visual Studio Solution File, Format Version 12.00
# Visual Studio 15
VisualStudioVersion = 15.0.27130.2036
MinimumVisualStudioVersion = 10.0.40219.1
Project("{9A19103F-16F7-4668-BE54-9A1E7A4F7556}") = "SiloHost", "src\SiloHost\SiloHost.csproj", "{8833CADE-80B5-4AA1-835E-594E907C58DF}"
EndProject
Project("{2150E333-8FDC-42A3-9474-1A3956D46DE8}") = "Solution Items", "Solution Items", "{3C202E56-5082-4C00-9438-E0DFAAEC9326}"
	ProjectSection(SolutionItems) = preProject
		BuildAndRun.ps1 = BuildAndRun.ps1
		BuildAndRun.sh = BuildAndRun.sh
		Readme.md = Readme.md
	EndProjectSection
EndProject
Project("{FAE04EC0-301F-11D3-BF4B-00C04F79EFBC}") = "Stocks.Grains", "src\Stocks.Grains\Stocks.Grains.csproj", "{F497A90F-4810-41EB-9DA8-B2FE0702E7CE}"
EndProject
Project("{FAE04EC0-301F-11D3-BF4B-00C04F79EFBC}") = "Stocks.Interfaces", "src\Stocks.Interfaces\Stocks.Interfaces.csproj", "{70404CF2-D8F4-43FF-828E-BD94BD9886BB}"
EndProject
Global
	GlobalSection(SolutionConfigurationPlatforms) = preSolution
		Debug|Any CPU = Debug|Any CPU
		Release|Any CPU = Release|Any CPU
	EndGlobalSection
	GlobalSection(ProjectConfigurationPlatforms) = postSolution
		{8833CADE-80B5-4AA1-835E-594E907C58DF}.Debug|Any CPU.ActiveCfg = Debug|Any CPU
		{8833CADE-80B5-4AA1-835E-594E907C58DF}.Debug|Any CPU.Build.0 = Debug|Any CPU
		{8833CADE-80B5-4AA1-835E-594E907C58DF}.Release|Any CPU.ActiveCfg = Release|Any CPU
		{8833CADE-80B5-4AA1-835E-594E907C58DF}.Release|Any CPU.Build.0 = Release|Any CPU
		{F497A90F-4810-41EB-9DA8-B2FE0702E7CE}.Debug|Any CPU.ActiveCfg = Debug|Any CPU
		{F497A90F-4810-41EB-9DA8-B2FE0702E7CE}.Debug|Any CPU.Build.0 = Debug|Any CPU
		{F497A90F-4810-41EB-9DA8-B2FE0702E7CE}.Release|Any CPU.ActiveCfg = Release|Any CPU
		{F497A90F-4810-41EB-9DA8-B2FE0702E7CE}.Release|Any CPU.Build.0 = Release|Any CPU
		{70404CF2-D8F4-43FF-828E-BD94BD9886BB}.Debug|Any CPU.ActiveCfg = Debug|Any CPU
		{70404CF2-D8F4-43FF-828E-BD94BD9886BB}.Debug|Any CPU.Build.0 = Debug|Any CPU
		{70404CF2-D8F4-43FF-828E-BD94BD9886BB}.Release|Any CPU.ActiveCfg = Release|Any CPU
		{70404CF2-D8F4-43FF-828E-BD94BD9886BB}.Release|Any CPU.Build.0 = Release|Any CPU
	EndGlobalSection
	GlobalSection(SolutionProperties) = preSolution
		HideSolutionNode = FALSE
	EndGlobalSection
	GlobalSection(ExtensibilityGlobals) = postSolution
		SolutionGuid = {770CE15D-FCF4-4F37-BBC3-B62DEEFFB973}
	EndGlobalSection
EndGlobal
