
Microsoft Visual Studio Solution File, Format Version 12.00
# Visual Studio 2013
VisualStudioVersion = 12.0.31101.0
MinimumVisualStudioVersion = 10.0.40219.1
Project("{FAE04EC0-301F-11D3-BF4B-00C04F79EFBC}") = "PresenceGrainInterfaces", "PresenceGrainInterfaces\PresenceGrainInterfaces.csproj", "{60A27932-4B5E-4743-B351-A2C4D4924D94}"
EndProject
Project("{FAE04EC0-301F-11D3-BF4B-00C04F79EFBC}") = "PresenceGrains", "PresenceGrains\PresenceGrains.csproj", "{40C9F3F6-D658-4189-BD1F-002E35D5FB74}"
EndProject
Project("{FAE04EC0-301F-11D3-BF4B-00C04F79EFBC}") = "PresenceLoadGenerator", "LoadGenerator\PresenceLoadGenerator.csproj", "{C340D4A8-08A3-417D-80BF-10FD6D652C73}"
EndProject
Project("{FAE04EC0-301F-11D3-BF4B-00C04F79EFBC}") = "PresencePlayerWatcher", "PlayerWatcher\PresencePlayerWatcher.csproj", "{FF9B1A14-45D5-41FA-9899-B4DC5BF4F542}"
EndProject
Project("{2150E333-8FDC-42A3-9474-1A3956D46DE8}") = "Solution Items", "Solution Items", "{FB70C3EB-1675-4C3C-B748-C5C6BCB976D8}"
	ProjectSection(SolutionItems) = preProject
		1.Demo Start Silo.cmd = 1.Demo Start Silo.cmd
		2.Demo Player Watcher.cmd = 2.Demo Player Watcher.cmd
		3.Demo Load Generator.cmd = 3.Demo Load Generator.cmd
	EndProjectSection
EndProject
Project("{FAE04EC0-301F-11D3-BF4B-00C04F79EFBC}") = "Host", "Host\Host.csproj", "{14895BD1-CD4D-4071-ADF8-740CDFD61671}"
EndProject
Global
	GlobalSection(SolutionConfigurationPlatforms) = preSolution
		Debug|Any CPU = Debug|Any CPU
		Release|Any CPU = Release|Any CPU
	EndGlobalSection
	GlobalSection(ProjectConfigurationPlatforms) = postSolution
		{60A27932-4B5E-4743-B351-A2C4D4924D94}.Debug|Any CPU.ActiveCfg = Debug|Any CPU
		{60A27932-4B5E-4743-B351-A2C4D4924D94}.Debug|Any CPU.Build.0 = Debug|Any CPU
		{60A27932-4B5E-4743-B351-A2C4D4924D94}.Release|Any CPU.ActiveCfg = Release|Any CPU
		{60A27932-4B5E-4743-B351-A2C4D4924D94}.Release|Any CPU.Build.0 = Release|Any CPU
		{40C9F3F6-D658-4189-BD1F-002E35D5FB74}.Debug|Any CPU.ActiveCfg = Debug|Any CPU
		{40C9F3F6-D658-4189-BD1F-002E35D5FB74}.Debug|Any CPU.Build.0 = Debug|Any CPU
		{40C9F3F6-D658-4189-BD1F-002E35D5FB74}.Release|Any CPU.ActiveCfg = Release|Any CPU
		{40C9F3F6-D658-4189-BD1F-002E35D5FB74}.Release|Any CPU.Build.0 = Release|Any CPU
		{C340D4A8-08A3-417D-80BF-10FD6D652C73}.Debug|Any CPU.ActiveCfg = Debug|Any CPU
		{C340D4A8-08A3-417D-80BF-10FD6D652C73}.Debug|Any CPU.Build.0 = Debug|Any CPU
		{C340D4A8-08A3-417D-80BF-10FD6D652C73}.Release|Any CPU.ActiveCfg = Release|Any CPU
		{C340D4A8-08A3-417D-80BF-10FD6D652C73}.Release|Any CPU.Build.0 = Release|Any CPU
		{FF9B1A14-45D5-41FA-9899-B4DC5BF4F542}.Debug|Any CPU.ActiveCfg = Debug|Any CPU
		{FF9B1A14-45D5-41FA-9899-B4DC5BF4F542}.Debug|Any CPU.Build.0 = Debug|Any CPU
		{FF9B1A14-45D5-41FA-9899-B4DC5BF4F542}.Release|Any CPU.ActiveCfg = Release|Any CPU
		{FF9B1A14-45D5-41FA-9899-B4DC5BF4F542}.Release|Any CPU.Build.0 = Release|Any CPU
		{14895BD1-CD4D-4071-ADF8-740CDFD61671}.Debug|Any CPU.ActiveCfg = Debug|Any CPU
		{14895BD1-CD4D-4071-ADF8-740CDFD61671}.Debug|Any CPU.Build.0 = Debug|Any CPU
		{14895BD1-CD4D-4071-ADF8-740CDFD61671}.Release|Any CPU.ActiveCfg = Release|Any CPU
		{14895BD1-CD4D-4071-ADF8-740CDFD61671}.Release|Any CPU.Build.0 = Release|Any CPU
	EndGlobalSection
	GlobalSection(SolutionProperties) = preSolution
		HideSolutionNode = FALSE
	EndGlobalSection
EndGlobal
