
Microsoft Visual Studio Solution File, Format Version 12.00
# Visual Studio 15
VisualStudioVersion = 15.0.28307.489
MinimumVisualStudioVersion = 10.0.40219.1
Project("{FAE04EC0-301F-11D3-BF4B-00C04F79EFBC}") = "Silo", "src\Silo\Silo.csproj", "{B9E555FB-1E78-44AA-AB70-FF14F36B41E9}"
EndProject
Project("{FAE04EC0-301F-11D3-BF4B-00C04F79EFBC}") = "Grains.Interfaces", "src\Grains.Interfaces\Grains.Interfaces.csproj", "{D3F6D6F7-30D5-47F4-84EB-06A23FFADADB}"
EndProject
Project("{FAE04EC0-301F-11D3-BF4B-00C04F79EFBC}") = "Grains", "src\Grains\Grains.csproj", "{3EB3663C-77C2-485C-9ABB-4B1185F40D5A}"
EndProject
Project("{FAE04EC0-301F-11D3-BF4B-00C04F79EFBC}") = "Client.A", "src\Client.A\Client.A.csproj", "{8B914B43-4647-41EA-865F-F904A53A3951}"
EndProject
Project("{FAE04EC0-301F-11D3-BF4B-00C04F79EFBC}") = "Client.Common", "src\Client.Common\Client.Common.csproj", "{E477647D-053F-40E7-A116-334DF90B2D9F}"
EndProject
Project("{FAE04EC0-301F-11D3-BF4B-00C04F79EFBC}") = "Client.B", "src\Client.B\Client.B.csproj", "{BD3F08F0-A4D2-418F-9A53-ADB912B896C3}"
EndProject
Project("{FAE04EC0-301F-11D3-BF4B-00C04F79EFBC}") = "Client.C", "src\Client.C\Client.C.csproj", "{F61BA23D-E4D1-4087-A56C-77B7D26AC0DE}"
EndProject
Project("{2150E333-8FDC-42A3-9474-1A3956D46DE8}") = "Solution Items", "Solution Items", "{DBA55882-D1DA-4BE2-BB34-300FE350AFB8}"
	ProjectSection(SolutionItems) = preProject
		BuildAndRun.ps1 = BuildAndRun.ps1
		BuildAndRun.sh = BuildAndRun.sh
		readme.md = readme.md
	EndProjectSection
EndProject
Global
	GlobalSection(SolutionConfigurationPlatforms) = preSolution
		Debug|Any CPU = Debug|Any CPU
		Release|Any CPU = Release|Any CPU
	EndGlobalSection
	GlobalSection(ProjectConfigurationPlatforms) = postSolution
		{B9E555FB-1E78-44AA-AB70-FF14F36B41E9}.Debug|Any CPU.ActiveCfg = Debug|Any CPU
		{B9E555FB-1E78-44AA-AB70-FF14F36B41E9}.Debug|Any CPU.Build.0 = Debug|Any CPU
		{B9E555FB-1E78-44AA-AB70-FF14F36B41E9}.Release|Any CPU.ActiveCfg = Release|Any CPU
		{B9E555FB-1E78-44AA-AB70-FF14F36B41E9}.Release|Any CPU.Build.0 = Release|Any CPU
		{D3F6D6F7-30D5-47F4-84EB-06A23FFADADB}.Debug|Any CPU.ActiveCfg = Debug|Any CPU
		{D3F6D6F7-30D5-47F4-84EB-06A23FFADADB}.Debug|Any CPU.Build.0 = Debug|Any CPU
		{D3F6D6F7-30D5-47F4-84EB-06A23FFADADB}.Release|Any CPU.ActiveCfg = Release|Any CPU
		{D3F6D6F7-30D5-47F4-84EB-06A23FFADADB}.Release|Any CPU.Build.0 = Release|Any CPU
		{3EB3663C-77C2-485C-9ABB-4B1185F40D5A}.Debug|Any CPU.ActiveCfg = Debug|Any CPU
		{3EB3663C-77C2-485C-9ABB-4B1185F40D5A}.Debug|Any CPU.Build.0 = Debug|Any CPU
		{3EB3663C-77C2-485C-9ABB-4B1185F40D5A}.Release|Any CPU.ActiveCfg = Release|Any CPU
		{3EB3663C-77C2-485C-9ABB-4B1185F40D5A}.Release|Any CPU.Build.0 = Release|Any CPU
		{8B914B43-4647-41EA-865F-F904A53A3951}.Debug|Any CPU.ActiveCfg = Debug|Any CPU
		{8B914B43-4647-41EA-865F-F904A53A3951}.Debug|Any CPU.Build.0 = Debug|Any CPU
		{8B914B43-4647-41EA-865F-F904A53A3951}.Release|Any CPU.ActiveCfg = Release|Any CPU
		{8B914B43-4647-41EA-865F-F904A53A3951}.Release|Any CPU.Build.0 = Release|Any CPU
		{E477647D-053F-40E7-A116-334DF90B2D9F}.Debug|Any CPU.ActiveCfg = Debug|Any CPU
		{E477647D-053F-40E7-A116-334DF90B2D9F}.Debug|Any CPU.Build.0 = Debug|Any CPU
		{E477647D-053F-40E7-A116-334DF90B2D9F}.Release|Any CPU.ActiveCfg = Release|Any CPU
		{E477647D-053F-40E7-A116-334DF90B2D9F}.Release|Any CPU.Build.0 = Release|Any CPU
		{BD3F08F0-A4D2-418F-9A53-ADB912B896C3}.Debug|Any CPU.ActiveCfg = Debug|Any CPU
		{BD3F08F0-A4D2-418F-9A53-ADB912B896C3}.Debug|Any CPU.Build.0 = Debug|Any CPU
		{BD3F08F0-A4D2-418F-9A53-ADB912B896C3}.Release|Any CPU.ActiveCfg = Release|Any CPU
		{BD3F08F0-A4D2-418F-9A53-ADB912B896C3}.Release|Any CPU.Build.0 = Release|Any CPU
		{F61BA23D-E4D1-4087-A56C-77B7D26AC0DE}.Debug|Any CPU.ActiveCfg = Debug|Any CPU
		{F61BA23D-E4D1-4087-A56C-77B7D26AC0DE}.Debug|Any CPU.Build.0 = Debug|Any CPU
		{F61BA23D-E4D1-4087-A56C-77B7D26AC0DE}.Release|Any CPU.ActiveCfg = Release|Any CPU
		{F61BA23D-E4D1-4087-A56C-77B7D26AC0DE}.Release|Any CPU.Build.0 = Release|Any CPU
	EndGlobalSection
	GlobalSection(SolutionProperties) = preSolution
		HideSolutionNode = FALSE
	EndGlobalSection
	GlobalSection(ExtensibilityGlobals) = postSolution
		SolutionGuid = {FB4F50ED-AF9B-4E0F-8632-75F66F99D487}
	EndGlobalSection
EndGlobal
